// !$*UTF8*$!
{
	archiveVersion = 1;
	classes = {
	};
	objectVersion = 46;
	objects = {

/* Begin PBXBuildFile section */
		5BA7ECD918ED2A6800B15F8A /* Foundation.framework in Frameworks */ = {isa = PBXBuildFile; fileRef = 5BA7ECD818ED2A6800B15F8A /* Foundation.framework */; };
		5BA7ECDB18ED2A6800B15F8A /* CoreGraphics.framework in Frameworks */ = {isa = PBXBuildFile; fileRef = 5BA7ECDA18ED2A6800B15F8A /* CoreGraphics.framework */; };
		5BA7ECDD18ED2A6800B15F8A /* UIKit.framework in Frameworks */ = {isa = PBXBuildFile; fileRef = 5BA7ECDC18ED2A6800B15F8A /* UIKit.framework */; };
		5BA7ECE318ED2A6800B15F8A /* InfoPlist.strings in Resources */ = {isa = PBXBuildFile; fileRef = 5BA7ECE118ED2A6800B15F8A /* InfoPlist.strings */; };
		5BA7ECE518ED2A6800B15F8A /* main.m in Sources */ = {isa = PBXBuildFile; fileRef = 5BA7ECE418ED2A6800B15F8A /* main.m */; };
		5BA7ECE918ED2A6800B15F8A /* AppDelegate.m in Sources */ = {isa = PBXBuildFile; fileRef = 5BA7ECE818ED2A6800B15F8A /* AppDelegate.m */; };
		5BA7ECEC18ED2A6800B15F8A /* Main.storyboard in Resources */ = {isa = PBXBuildFile; fileRef = 5BA7ECEA18ED2A6800B15F8A /* Main.storyboard */; };
		5BA7ECEF18ED2A6800B15F8A /* ViewController.m in Sources */ = {isa = PBXBuildFile; fileRef = 5BA7ECEE18ED2A6800B15F8A /* ViewController.m */; };
		5BA7ECF118ED2A6800B15F8A /* Images.xcassets in Resources */ = {isa = PBXBuildFile; fileRef = 5BA7ECF018ED2A6800B15F8A /* Images.xcassets */; };
		5BA7ECF818ED2A6800B15F8A /* XCTest.framework in Frameworks */ = {isa = PBXBuildFile; fileRef = 5BA7ECF718ED2A6800B15F8A /* XCTest.framework */; };
		5BA7ECF918ED2A6800B15F8A /* Foundation.framework in Frameworks */ = {isa = PBXBuildFile; fileRef = 5BA7ECD818ED2A6800B15F8A /* Foundation.framework */; };
		5BA7ECFA18ED2A6800B15F8A /* UIKit.framework in Frameworks */ = {isa = PBXBuildFile; fileRef = 5BA7ECDC18ED2A6800B15F8A /* UIKit.framework */; };
		5BA7ED0218ED2A6800B15F8A /* InfoPlist.strings in Resources */ = {isa = PBXBuildFile; fileRef = 5BA7ED0018ED2A6800B15F8A /* InfoPlist.strings */; };
		5BA7ED0418ED2A6800B15F8A /* ex_NSDate_compareTests.m in Sources */ = {isa = PBXBuildFile; fileRef = 5BA7ED0318ED2A6800B15F8A /* ex_NSDate_compareTests.m */; };
/* End PBXBuildFile section */

/* Begin PBXContainerItemProxy section */
		5BA7ECFB18ED2A6800B15F8A /* PBXContainerItemProxy */ = {
			isa = PBXContainerItemProxy;
			containerPortal = 5BA7ECCD18ED2A6800B15F8A /* Project object */;
			proxyType = 1;
			remoteGlobalIDString = 5BA7ECD418ED2A6800B15F8A;
			remoteInfo = ex_NSDate_compare;
		};
/* End PBXContainerItemProxy section */

/* Begin PBXFileReference section */
		5BA7ECD518ED2A6800B15F8A /* ex_NSDate_compare.app */ = {isa = PBXFileReference; explicitFileType = wrapper.application; includeInIndex = 0; path = ex_NSDate_compare.app; sourceTree = BUILT_PRODUCTS_DIR; };
		5BA7ECD818ED2A6800B15F8A /* Foundation.framework */ = {isa = PBXFileReference; lastKnownFileType = wrapper.framework; name = Foundation.framework; path = System/Library/Frameworks/Foundation.framework; sourceTree = SDKROOT; };
		5BA7ECDA18ED2A6800B15F8A /* CoreGraphics.framework */ = {isa = PBXFileReference; lastKnownFileType = wrapper.framework; name = CoreGraphics.framework; path = System/Library/Frameworks/CoreGraphics.framework; sourceTree = SDKROOT; };
		5BA7ECDC18ED2A6800B15F8A /* UIKit.framework */ = {isa = PBXFileReference; lastKnownFileType = wrapper.framework; name = UIKit.framework; path = System/Library/Frameworks/UIKit.framework; sourceTree = SDKROOT; };
		5BA7ECE018ED2A6800B15F8A /* ex_NSDate_compare-Info.plist */ = {isa = PBXFileReference; lastKnownFileType = text.plist.xml; path = "ex_NSDate_compare-Info.plist"; sourceTree = "<group>"; };
		5BA7ECE218ED2A6800B15F8A /* en */ = {isa = PBXFileReference; lastKnownFileType = text.plist.strings; name = en; path = en.lproj/InfoPlist.strings; sourceTree = "<group>"; };
		5BA7ECE418ED2A6800B15F8A /* main.m */ = {isa = PBXFileReference; lastKnownFileType = sourcecode.c.objc; path = main.m; sourceTree = "<group>"; };
		5BA7ECE618ED2A6800B15F8A /* ex_NSDate_compare-Prefix.pch */ = {isa = PBXFileReference; lastKnownFileType = sourcecode.c.h; path = "ex_NSDate_compare-Prefix.pch"; sourceTree = "<group>"; };
		5BA7ECE718ED2A6800B15F8A /* AppDelegate.h */ = {isa = PBXFileReference; lastKnownFileType = sourcecode.c.h; path = AppDelegate.h; sourceTree = "<group>"; };
		5BA7ECE818ED2A6800B15F8A /* AppDelegate.m */ = {isa = PBXFileReference; lastKnownFileType = sourcecode.c.objc; path = AppDelegate.m; sourceTree = "<group>"; };
		5BA7ECEB18ED2A6800B15F8A /* Base */ = {isa = PBXFileReference; lastKnownFileType = file.storyboard; name = Base; path = Base.lproj/Main.storyboard; sourceTree = "<group>"; };
		5BA7ECED18ED2A6800B15F8A /* ViewController.h */ = {isa = PBXFileReference; lastKnownFileType = sourcecode.c.h; path = ViewController.h; sourceTree = "<group>"; };
		5BA7ECEE18ED2A6800B15F8A /* ViewController.m */ = {isa = PBXFileReference; lastKnownFileType = sourcecode.c.objc; path = ViewController.m; sourceTree = "<group>"; };
		5BA7ECF018ED2A6800B15F8A /* Images.xcassets */ = {isa = PBXFileReference; lastKnownFileType = folder.assetcatalog; path = Images.xcassets; sourceTree = "<group>"; };
		5BA7ECF618ED2A6800B15F8A /* ex_NSDate_compareTests.xctest */ = {isa = PBXFileReference; explicitFileType = wrapper.cfbundle; includeInIndex = 0; path = ex_NSDate_compareTests.xctest; sourceTree = BUILT_PRODUCTS_DIR; };
		5BA7ECF718ED2A6800B15F8A /* XCTest.framework */ = {isa = PBXFileReference; lastKnownFileType = wrapper.framework; name = XCTest.framework; path = Library/Frameworks/XCTest.framework; sourceTree = DEVELOPER_DIR; };
		5BA7ECFF18ED2A6800B15F8A /* ex_NSDate_compareTests-Info.plist */ = {isa = PBXFileReference; lastKnownFileType = text.plist.xml; path = "ex_NSDate_compareTests-Info.plist"; sourceTree = "<group>"; };
		5BA7ED0118ED2A6800B15F8A /* en */ = {isa = PBXFileReference; lastKnownFileType = text.plist.strings; name = en; path = en.lproj/InfoPlist.strings; sourceTree = "<group>"; };
		5BA7ED0318ED2A6800B15F8A /* ex_NSDate_compareTests.m */ = {isa = PBXFileReference; lastKnownFileType = sourcecode.c.objc; path = ex_NSDate_compareTests.m; sourceTree = "<group>"; };
/* End PBXFileReference section */

/* Begin PBXFrameworksBuildPhase section */
		5BA7ECD218ED2A6800B15F8A /* Frameworks */ = {
			isa = PBXFrameworksBuildPhase;
			buildActionMask = 2147483647;
			files = (
				5BA7ECDB18ED2A6800B15F8A /* CoreGraphics.framework in Frameworks */,
				5BA7ECDD18ED2A6800B15F8A /* UIKit.framework in Frameworks */,
				5BA7ECD918ED2A6800B15F8A /* Foundation.framework in Frameworks */,
			);
			runOnlyForDeploymentPostprocessing = 0;
		};
		5BA7ECF318ED2A6800B15F8A /* Frameworks */ = {
			isa = PBXFrameworksBuildPhase;
			buildActionMask = 2147483647;
			files = (
				5BA7ECF818ED2A6800B15F8A /* XCTest.framework in Frameworks */,
				5BA7ECFA18ED2A6800B15F8A /* UIKit.framework in Frameworks */,
				5BA7ECF918ED2A6800B15F8A /* Foundation.framework in Frameworks */,
			);
			runOnlyForDeploymentPostprocessing = 0;
		};
/* End PBXFrameworksBuildPhase section */

/* Begin PBXGroup section */
		5BA7ECCC18ED2A6800B15F8A = {
			isa = PBXGroup;
			children = (
				5BA7ECDE18ED2A6800B15F8A /* ex_NSDate_compare */,
				5BA7ECFD18ED2A6800B15F8A /* ex_NSDate_compareTests */,
				5BA7ECD718ED2A6800B15F8A /* Frameworks */,
				5BA7ECD618ED2A6800B15F8A /* Products */,
			);
			sourceTree = "<group>";
		};
		5BA7ECD618ED2A6800B15F8A /* Products */ = {
			isa = PBXGroup;
			children = (
				5BA7ECD518ED2A6800B15F8A /* ex_NSDate_compare.app */,
				5BA7ECF618ED2A6800B15F8A /* ex_NSDate_compareTests.xctest */,
			);
			name = Products;
			sourceTree = "<group>";
		};
		5BA7ECD718ED2A6800B15F8A /* Frameworks */ = {
			isa = PBXGroup;
			children = (
				5BA7ECD818ED2A6800B15F8A /* Foundation.framework */,
				5BA7ECDA18ED2A6800B15F8A /* CoreGraphics.framework */,
				5BA7ECDC18ED2A6800B15F8A /* UIKit.framework */,
				5BA7ECF718ED2A6800B15F8A /* XCTest.framework */,
			);
			name = Frameworks;
			sourceTree = "<group>";
		};
		5BA7ECDE18ED2A6800B15F8A /* ex_NSDate_compare */ = {
			isa = PBXGroup;
			children = (
				5BA7ECE718ED2A6800B15F8A /* AppDelegate.h */,
				5BA7ECE818ED2A6800B15F8A /* AppDelegate.m */,
				5BA7ECEA18ED2A6800B15F8A /* Main.storyboard */,
				5BA7ECED18ED2A6800B15F8A /* ViewController.h */,
				5BA7ECEE18ED2A6800B15F8A /* ViewController.m */,
				5BA7ECF018ED2A6800B15F8A /* Images.xcassets */,
				5BA7ECDF18ED2A6800B15F8A /* Supporting Files */,
			);
			path = ex_NSDate_compare;
			sourceTree = "<group>";
		};
		5BA7ECDF18ED2A6800B15F8A /* Supporting Files */ = {
			isa = PBXGroup;
			children = (
				5BA7ECE018ED2A6800B15F8A /* ex_NSDate_compare-Info.plist */,
				5BA7ECE118ED2A6800B15F8A /* InfoPlist.strings */,
				5BA7ECE418ED2A6800B15F8A /* main.m */,
				5BA7ECE618ED2A6800B15F8A /* ex_NSDate_compare-Prefix.pch */,
			);
			name = "Supporting Files";
			sourceTree = "<group>";
		};
		5BA7ECFD18ED2A6800B15F8A /* ex_NSDate_compareTests */ = {
			isa = PBXGroup;
			children = (
				5BA7ED0318ED2A6800B15F8A /* ex_NSDate_compareTests.m */,
				5BA7ECFE18ED2A6800B15F8A /* Supporting Files */,
			);
			path = ex_NSDate_compareTests;
			sourceTree = "<group>";
		};
		5BA7ECFE18ED2A6800B15F8A /* Supporting Files */ = {
			isa = PBXGroup;
			children = (
				5BA7ECFF18ED2A6800B15F8A /* ex_NSDate_compareTests-Info.plist */,
				5BA7ED0018ED2A6800B15F8A /* InfoPlist.strings */,
			);
			name = "Supporting Files";
			sourceTree = "<group>";
		};
/* End PBXGroup section */

/* Begin PBXNativeTarget section */
		5BA7ECD418ED2A6800B15F8A /* ex_NSDate_compare */ = {
			isa = PBXNativeTarget;
			buildConfigurationList = 5BA7ED0718ED2A6800B15F8A /* Build configuration list for PBXNativeTarget "ex_NSDate_compare" */;
			buildPhases = (
				5BA7ECD118ED2A6800B15F8A /* Sources */,
				5BA7ECD218ED2A6800B15F8A /* Frameworks */,
				5BA7ECD318ED2A6800B15F8A /* Resources */,
			);
			buildRules = (
			);
			dependencies = (
			);
			name = ex_NSDate_compare;
			productName = ex_NSDate_compare;
			productReference = 5BA7ECD518ED2A6800B15F8A /* ex_NSDate_compare.app */;
			productType = "com.apple.product-type.application";
		};
		5BA7ECF518ED2A6800B15F8A /* ex_NSDate_compareTests */ = {
			isa = PBXNativeTarget;
			buildConfigurationList = 5BA7ED0A18ED2A6800B15F8A /* Build configuration list for PBXNativeTarget "ex_NSDate_compareTests" */;
			buildPhases = (
				5BA7ECF218ED2A6800B15F8A /* Sources */,
				5BA7ECF318ED2A6800B15F8A /* Frameworks */,
				5BA7ECF418ED2A6800B15F8A /* Resources */,
			);
			buildRules = (
			);
			dependencies = (
				5BA7ECFC18ED2A6800B15F8A /* PBXTargetDependency */,
			);
			name = ex_NSDate_compareTests;
			productName = ex_NSDate_compareTests;
			productReference = 5BA7ECF618ED2A6800B15F8A /* ex_NSDate_compareTests.xctest */;
			productType = "com.apple.product-type.bundle.unit-test";
		};
/* End PBXNativeTarget section */

/* Begin PBXProject section */
		5BA7ECCD18ED2A6800B15F8A /* Project object */ = {
			isa = PBXProject;
			attributes = {
				LastUpgradeCheck = 0510;
				ORGANIZATIONNAME = taketomato;
				TargetAttributes = {
					5BA7ECF518ED2A6800B15F8A = {
						TestTargetID = 5BA7ECD418ED2A6800B15F8A;
					};
				};
			};
			buildConfigurationList = 5BA7ECD018ED2A6800B15F8A /* Build configuration list for PBXProject "ex_NSDate_compare" */;
			compatibilityVersion = "Xcode 3.2";
			developmentRegion = English;
			hasScannedForEncodings = 0;
			knownRegions = (
				en,
				Base,
			);
			mainGroup = 5BA7ECCC18ED2A6800B15F8A;
			productRefGroup = 5BA7ECD618ED2A6800B15F8A /* Products */;
			projectDirPath = "";
			projectRoot = "";
			targets = (
				5BA7ECD418ED2A6800B15F8A /* ex_NSDate_compare */,
				5BA7ECF518ED2A6800B15F8A /* ex_NSDate_compareTests */,
			);
		};
/* End PBXProject section */

/* Begin PBXResourcesBuildPhase section */
		5BA7ECD318ED2A6800B15F8A /* Resources */ = {
			isa = PBXResourcesBuildPhase;
			buildActionMask = 2147483647;
			files = (
				5BA7ECF118ED2A6800B15F8A /* Images.xcassets in Resources */,
				5BA7ECE318ED2A6800B15F8A /* InfoPlist.strings in Resources */,
				5BA7ECEC18ED2A6800B15F8A /* Main.storyboard in Resources */,
			);
			runOnlyForDeploymentPostprocessing = 0;
		};
		5BA7ECF418ED2A6800B15F8A /* Resources */ = {
			isa = PBXResourcesBuildPhase;
			buildActionMask = 2147483647;
			files = (
				5BA7ED0218ED2A6800B15F8A /* InfoPlist.strings in Resources */,
			);
			runOnlyForDeploymentPostprocessing = 0;
		};
/* End PBXResourcesBuildPhase section */

/* Begin PBXSourcesBuildPhase section */
		5BA7ECD118ED2A6800B15F8A /* Sources */ = {
			isa = PBXSourcesBuildPhase;
			buildActionMask = 2147483647;
			files = (
				5BA7ECEF18ED2A6800B15F8A /* ViewController.m in Sources */,
				5BA7ECE918ED2A6800B15F8A /* AppDelegate.m in Sources */,
				5BA7ECE518ED2A6800B15F8A /* main.m in Sources */,
			);
			runOnlyForDeploymentPostprocessing = 0;
		};
		5BA7ECF218ED2A6800B15F8A /* Sources */ = {
			isa = PBXSourcesBuildPhase;
			buildActionMask = 2147483647;
			files = (
				5BA7ED0418ED2A6800B15F8A /* ex_NSDate_compareTests.m in Sources */,
			);
			runOnlyForDeploymentPostprocessing = 0;
		};
/* End PBXSourcesBuildPhase section */

/* Begin PBXTargetDependency section */
		5BA7ECFC18ED2A6800B15F8A /* PBXTargetDependency */ = {
			isa = PBXTargetDependency;
			target = 5BA7ECD418ED2A6800B15F8A /* ex_NSDate_compare */;
			targetProxy = 5BA7ECFB18ED2A6800B15F8A /* PBXContainerItemProxy */;
		};
/* End PBXTargetDependency section */

/* Begin PBXVariantGroup section */
		5BA7ECE118ED2A6800B15F8A /* InfoPlist.strings */ = {
			isa = PBXVariantGroup;
			children = (
				5BA7ECE218ED2A6800B15F8A /* en */,
			);
			name = InfoPlist.strings;
			sourceTree = "<group>";
		};
		5BA7ECEA18ED2A6800B15F8A /* Main.storyboard */ = {
			isa = PBXVariantGroup;
			children = (
				5BA7ECEB18ED2A6800B15F8A /* Base */,
			);
			name = Main.storyboard;
			sourceTree = "<group>";
		};
		5BA7ED0018ED2A6800B15F8A /* InfoPlist.strings */ = {
			isa = PBXVariantGroup;
			children = (
				5BA7ED0118ED2A6800B15F8A /* en */,
			);
			name = InfoPlist.strings;
			sourceTree = "<group>";
		};
/* End PBXVariantGroup section */

/* Begin XCBuildConfiguration section */
		5BA7ED0518ED2A6800B15F8A /* Debug */ = {
			isa = XCBuildConfiguration;
			buildSettings = {
				ALWAYS_SEARCH_USER_PATHS = NO;
				CLANG_CXX_LANGUAGE_STANDARD = "gnu++0x";
				CLANG_CXX_LIBRARY = "libc++";
				CLANG_ENABLE_MODULES = YES;
				CLANG_ENABLE_OBJC_ARC = YES;
				CLANG_WARN_BOOL_CONVERSION = YES;
				CLANG_WARN_CONSTANT_CONVERSION = YES;
				CLANG_WARN_DIRECT_OBJC_ISA_USAGE = YES_ERROR;
				CLANG_WARN_EMPTY_BODY = YES;
				CLANG_WARN_ENUM_CONVERSION = YES;
				CLANG_WARN_INT_CONVERSION = YES;
				CLANG_WARN_OBJC_ROOT_CLASS = YES_ERROR;
				CLANG_WARN__DUPLICATE_METHOD_MATCH = YES;
				"CODE_SIGN_IDENTITY[sdk=iphoneos*]" = "iPhone Developer";
				COPY_PHASE_STRIP = NO;
				GCC_C_LANGUAGE_STANDARD = gnu99;
				GCC_DYNAMIC_NO_PIC = NO;
				GCC_OPTIMIZATION_LEVEL = 0;
				GCC_PREPROCESSOR_DEFINITIONS = (
					"DEBUG=1",
					"$(inherited)",
				);
				GCC_SYMBOLS_PRIVATE_EXTERN = NO;
				GCC_WARN_64_TO_32_BIT_CONVERSION = YES;
				GCC_WARN_ABOUT_RETURN_TYPE = YES_ERROR;
				GCC_WARN_UNDECLARED_SELECTOR = YES;
				GCC_WARN_UNINITIALIZED_AUTOS = YES_AGGRESSIVE;
				GCC_WARN_UNUSED_FUNCTION = YES;
				GCC_WARN_UNUSED_VARIABLE = YES;
				IPHONEOS_DEPLOYMENT_TARGET = 7.1;
				ONLY_ACTIVE_ARCH = YES;
				SDKROOT = iphoneos;
			};
			name = Debug;
		};
		5BA7ED0618ED2A6800B15F8A /* Release */ = {
			isa = XCBuildConfiguration;
			buildSettings = {
				ALWAYS_SEARCH_USER_PATHS = NO;
				CLANG_CXX_LANGUAGE_STANDARD = "gnu++0x";
				CLANG_CXX_LIBRARY = "libc++";
				CLANG_ENABLE_MODULES = YES;
				CLANG_ENABLE_OBJC_ARC = YES;
				CLANG_WARN_BOOL_CONVERSION = YES;
				CLANG_WARN_CONSTANT_CONVERSION = YES;
				CLANG_WARN_DIRECT_OBJC_ISA_USAGE = YES_ERROR;
				CLANG_WARN_EMPTY_BODY = YES;
				CLANG_WARN_ENUM_CONVERSION = YES;
				CLANG_WARN_INT_CONVERSION = YES;
				CLANG_WARN_OBJC_ROOT_CLASS = YES_ERROR;
				CLANG_WARN__DUPLICATE_METHOD_MATCH = YES;
				"CODE_SIGN_IDENTITY[sdk=iphoneos*]" = "iPhone Developer";
				COPY_PHASE_STRIP = YES;
				ENABLE_NS_ASSERTIONS = NO;
				GCC_C_LANGUAGE_STANDARD = gnu99;
				GCC_WARN_64_TO_32_BIT_CONVERSION = YES;
				GCC_WARN_ABOUT_RETURN_TYPE = YES_ERROR;
				GCC_WARN_UNDECLARED_SELECTOR = YES;
				GCC_WARN_UNINITIALIZED_AUTOS = YES_AGGRESSIVE;
				GCC_WARN_UNUSED_FUNCTION = YES;
				GCC_WARN_UNUSED_VARIABLE = YES;
				IPHONEOS_DEPLOYMENT_TARGET = 7.1;
				SDKROOT = iphoneos;
				VALIDATE_PRODUCT = YES;
			};
			name = Release;
		};
		5BA7ED0818ED2A6800B15F8A /* Debug */ = {
			isa = XCBuildConfiguration;
			buildSettings = {
				ASSETCATALOG_COMPILER_APPICON_NAME = AppIcon;
				ASSETCATALOG_COMPILER_LAUNCHIMAGE_NAME = LaunchImage;
				GCC_PRECOMPILE_PREFIX_HEADER = YES;
				GCC_PREFIX_HEADER = "ex_NSDate_compare/ex_NSDate_compare-Prefix.pch";
				INFOPLIST_FILE = "ex_NSDate_compare/ex_NSDate_compare-Info.plist";
				PRODUCT_NAME = "$(TARGET_NAME)";
				WRAPPER_EXTENSION = app;
			};
			name = Debug;
		};
		5BA7ED0918ED2A6800B15F8A /* Release */ = {
			isa = XCBuildConfiguration;
			buildSettings = {
				ASSETCATALOG_COMPILER_APPICON_NAME = AppIcon;
				ASSETCATALOG_COMPILER_LAUNCHIMAGE_NAME = LaunchImage;
				GCC_PRECOMPILE_PREFIX_HEADER = YES;
				GCC_PREFIX_HEADER = "ex_NSDate_compare/ex_NSDate_compare-Prefix.pch";
				INFOPLIST_FILE = "ex_NSDate_compare/ex_NSDate_compare-Info.plist";
				PRODUCT_NAME = "$(TARGET_NAME)";
				WRAPPER_EXTENSION = app;
			};
			name = Release;
		};
		5BA7ED0B18ED2A6800B15F8A /* Debug */ = {
			isa = XCBuildConfiguration;
			buildSettings = {
				BUNDLE_LOADER = "$(BUILT_PRODUCTS_DIR)/ex_NSDate_compare.app/ex_NSDate_compare";
				FRAMEWORK_SEARCH_PATHS = (
					"$(SDKROOT)/Developer/Library/Frameworks",
					"$(inherited)",
					"$(DEVELOPER_FRAMEWORKS_DIR)",
				);
				GCC_PRECOMPILE_PREFIX_HEADER = YES;
				GCC_PREFIX_HEADER = "ex_NSDate_compare/ex_NSDate_compare-Prefix.pch";
				GCC_PREPROCESSOR_DEFINITIONS = (
					"DEBUG=1",
					"$(inherited)",
				);
				INFOPLIST_FILE = "ex_NSDate_compareTests/ex_NSDate_compareTests-Info.plist";
				PRODUCT_NAME = "$(TARGET_NAME)";
				TEST_HOST = "$(BUNDLE_LOADER)";
				WRAPPER_EXTENSION = xctest;
			};
			name = Debug;
		};
		5BA7ED0C18ED2A6800B15F8A /* Release */ = {
			isa = XCBuildConfiguration;
			buildSettings = {
				BUNDLE_LOADER = "$(BUILT_PRODUCTS_DIR)/ex_NSDate_compare.app/ex_NSDate_compare";
				FRAMEWORK_SEARCH_PATHS = (
					"$(SDKROOT)/Developer/Library/Frameworks",
					"$(inherited)",
					"$(DEVELOPER_FRAMEWORKS_DIR)",
				);
				GCC_PRECOMPILE_PREFIX_HEADER = YES;
				GCC_PREFIX_HEADER = "ex_NSDate_compare/ex_NSDate_compare-Prefix.pch";
				INFOPLIST_FILE = "ex_NSDate_compareTests/ex_NSDate_compareTests-Info.plist";
				PRODUCT_NAME = "$(TARGET_NAME)";
				TEST_HOST = "$(BUNDLE_LOADER)";
				WRAPPER_EXTENSION = xctest;
			};
			name = Release;
		};
/* End XCBuildConfiguration section */

/* Begin XCConfigurationList section */
		5BA7ECD018ED2A6800B15F8A /* Build configuration list for PBXProject "ex_NSDate_compare" */ = {
			isa = XCConfigurationList;
			buildConfigurations = (
				5BA7ED0518ED2A6800B15F8A /* Debug */,
				5BA7ED0618ED2A6800B15F8A /* Release */,
			);
			defaultConfigurationIsVisible = 0;
			defaultConfigurationName = Release;
		};
		5BA7ED0718ED2A6800B15F8A /* Build configuration list for PBXNativeTarget "ex_NSDate_compare" */ = {
			isa = XCConfigurationList;
			buildConfigurations = (
				5BA7ED0818ED2A6800B15F8A /* Debug */,
				5BA7ED0918ED2A6800B15F8A /* Release */,
			);
			defaultConfigurationIsVisible = 0;
		};
		5BA7ED0A18ED2A6800B15F8A /* Build configuration list for PBXNativeTarget "ex_NSDate_compareTests" */ = {
			isa = XCConfigurationList;
			buildConfigurations = (
				5BA7ED0B18ED2A6800B15F8A /* Debug */,
				5BA7ED0C18ED2A6800B15F8A /* Release */,
			);
			defaultConfigurationIsVisible = 0;
		};
/* End XCConfigurationList section */
	};
	rootObject = 5BA7ECCD18ED2A6800B15F8A /* Project object */;
}
