// !$*UTF8*$!
{
	archiveVersion = 1;
	classes = {
	};
	objectVersion = 46;
	objects = {

/* Begin PBXBuildFile section */
		5B1C446718F23FA20060F8D7 /* Foundation.framework in Frameworks */ = {isa = PBXBuildFile; fileRef = 5B1C446618F23FA20060F8D7 /* Foundation.framework */; };
		5B1C446918F23FA20060F8D7 /* CoreGraphics.framework in Frameworks */ = {isa = PBXBuildFile; fileRef = 5B1C446818F23FA20060F8D7 /* CoreGraphics.framework */; };
		5B1C446B18F23FA20060F8D7 /* UIKit.framework in Frameworks */ = {isa = PBXBuildFile; fileRef = 5B1C446A18F23FA20060F8D7 /* UIKit.framework */; };
		5B1C447118F23FA20060F8D7 /* InfoPlist.strings in Resources */ = {isa = PBXBuildFile; fileRef = 5B1C446F18F23FA20060F8D7 /* InfoPlist.strings */; };
		5B1C447318F23FA20060F8D7 /* main.m in Sources */ = {isa = PBXBuildFile; fileRef = 5B1C447218F23FA20060F8D7 /* main.m */; };
		5B1C447718F23FA20060F8D7 /* AppDelegate.m in Sources */ = {isa = PBXBuildFile; fileRef = 5B1C447618F23FA20060F8D7 /* AppDelegate.m */; };
		5B1C447A18F23FA20060F8D7 /* Main.storyboard in Resources */ = {isa = PBXBuildFile; fileRef = 5B1C447818F23FA20060F8D7 /* Main.storyboard */; };
		5B1C447D18F23FA20060F8D7 /* ViewController.m in Sources */ = {isa = PBXBuildFile; fileRef = 5B1C447C18F23FA20060F8D7 /* ViewController.m */; };
		5B1C447F18F23FA20060F8D7 /* Images.xcassets in Resources */ = {isa = PBXBuildFile; fileRef = 5B1C447E18F23FA20060F8D7 /* Images.xcassets */; };
		5B1C448618F23FA20060F8D7 /* XCTest.framework in Frameworks */ = {isa = PBXBuildFile; fileRef = 5B1C448518F23FA20060F8D7 /* XCTest.framework */; };
		5B1C448718F23FA20060F8D7 /* Foundation.framework in Frameworks */ = {isa = PBXBuildFile; fileRef = 5B1C446618F23FA20060F8D7 /* Foundation.framework */; };
		5B1C448818F23FA20060F8D7 /* UIKit.framework in Frameworks */ = {isa = PBXBuildFile; fileRef = 5B1C446A18F23FA20060F8D7 /* UIKit.framework */; };
		5B1C449018F23FA20060F8D7 /* InfoPlist.strings in Resources */ = {isa = PBXBuildFile; fileRef = 5B1C448E18F23FA20060F8D7 /* InfoPlist.strings */; };
		5B1C449218F23FA20060F8D7 /* ex_UIButtonTests.m in Sources */ = {isa = PBXBuildFile; fileRef = 5B1C449118F23FA20060F8D7 /* ex_UIButtonTests.m */; };
/* End PBXBuildFile section */

/* Begin PBXContainerItemProxy section */
		5B1C448918F23FA20060F8D7 /* PBXContainerItemProxy */ = {
			isa = PBXContainerItemProxy;
			containerPortal = 5B1C445B18F23FA20060F8D7 /* Project object */;
			proxyType = 1;
			remoteGlobalIDString = 5B1C446218F23FA20060F8D7;
			remoteInfo = ex_UIButton;
		};
/* End PBXContainerItemProxy section */

/* Begin PBXFileReference section */
		5B1C446318F23FA20060F8D7 /* ex_UIButton.app */ = {isa = PBXFileReference; explicitFileType = wrapper.application; includeInIndex = 0; path = ex_UIButton.app; sourceTree = BUILT_PRODUCTS_DIR; };
		5B1C446618F23FA20060F8D7 /* Foundation.framework */ = {isa = PBXFileReference; lastKnownFileType = wrapper.framework; name = Foundation.framework; path = System/Library/Frameworks/Foundation.framework; sourceTree = SDKROOT; };
		5B1C446818F23FA20060F8D7 /* CoreGraphics.framework */ = {isa = PBXFileReference; lastKnownFileType = wrapper.framework; name = CoreGraphics.framework; path = System/Library/Frameworks/CoreGraphics.framework; sourceTree = SDKROOT; };
		5B1C446A18F23FA20060F8D7 /* UIKit.framework */ = {isa = PBXFileReference; lastKnownFileType = wrapper.framework; name = UIKit.framework; path = System/Library/Frameworks/UIKit.framework; sourceTree = SDKROOT; };
		5B1C446E18F23FA20060F8D7 /* ex_UIButton-Info.plist */ = {isa = PBXFileReference; lastKnownFileType = text.plist.xml; path = "ex_UIButton-Info.plist"; sourceTree = "<group>"; };
		5B1C447018F23FA20060F8D7 /* en */ = {isa = PBXFileReference; lastKnownFileType = text.plist.strings; name = en; path = en.lproj/InfoPlist.strings; sourceTree = "<group>"; };
		5B1C447218F23FA20060F8D7 /* main.m */ = {isa = PBXFileReference; lastKnownFileType = sourcecode.c.objc; path = main.m; sourceTree = "<group>"; };
		5B1C447418F23FA20060F8D7 /* ex_UIButton-Prefix.pch */ = {isa = PBXFileReference; lastKnownFileType = sourcecode.c.h; path = "ex_UIButton-Prefix.pch"; sourceTree = "<group>"; };
		5B1C447518F23FA20060F8D7 /* AppDelegate.h */ = {isa = PBXFileReference; lastKnownFileType = sourcecode.c.h; path = AppDelegate.h; sourceTree = "<group>"; };
		5B1C447618F23FA20060F8D7 /* AppDelegate.m */ = {isa = PBXFileReference; lastKnownFileType = sourcecode.c.objc; path = AppDelegate.m; sourceTree = "<group>"; };
		5B1C447918F23FA20060F8D7 /* Base */ = {isa = PBXFileReference; lastKnownFileType = file.storyboard; name = Base; path = Base.lproj/Main.storyboard; sourceTree = "<group>"; };
		5B1C447B18F23FA20060F8D7 /* ViewController.h */ = {isa = PBXFileReference; lastKnownFileType = sourcecode.c.h; path = ViewController.h; sourceTree = "<group>"; };
		5B1C447C18F23FA20060F8D7 /* ViewController.m */ = {isa = PBXFileReference; lastKnownFileType = sourcecode.c.objc; path = ViewController.m; sourceTree = "<group>"; };
		5B1C447E18F23FA20060F8D7 /* Images.xcassets */ = {isa = PBXFileReference; lastKnownFileType = folder.assetcatalog; path = Images.xcassets; sourceTree = "<group>"; };
		5B1C448418F23FA20060F8D7 /* ex_UIButtonTests.xctest */ = {isa = PBXFileReference; explicitFileType = wrapper.cfbundle; includeInIndex = 0; path = ex_UIButtonTests.xctest; sourceTree = BUILT_PRODUCTS_DIR; };
		5B1C448518F23FA20060F8D7 /* XCTest.framework */ = {isa = PBXFileReference; lastKnownFileType = wrapper.framework; name = XCTest.framework; path = Library/Frameworks/XCTest.framework; sourceTree = DEVELOPER_DIR; };
		5B1C448D18F23FA20060F8D7 /* ex_UIButtonTests-Info.plist */ = {isa = PBXFileReference; lastKnownFileType = text.plist.xml; path = "ex_UIButtonTests-Info.plist"; sourceTree = "<group>"; };
		5B1C448F18F23FA20060F8D7 /* en */ = {isa = PBXFileReference; lastKnownFileType = text.plist.strings; name = en; path = en.lproj/InfoPlist.strings; sourceTree = "<group>"; };
		5B1C449118F23FA20060F8D7 /* ex_UIButtonTests.m */ = {isa = PBXFileReference; lastKnownFileType = sourcecode.c.objc; path = ex_UIButtonTests.m; sourceTree = "<group>"; };
/* End PBXFileReference section */

/* Begin PBXFrameworksBuildPhase section */
		5B1C446018F23FA20060F8D7 /* Frameworks */ = {
			isa = PBXFrameworksBuildPhase;
			buildActionMask = 2147483647;
			files = (
				5B1C446918F23FA20060F8D7 /* CoreGraphics.framework in Frameworks */,
				5B1C446B18F23FA20060F8D7 /* UIKit.framework in Frameworks */,
				5B1C446718F23FA20060F8D7 /* Foundation.framework in Frameworks */,
			);
			runOnlyForDeploymentPostprocessing = 0;
		};
		5B1C448118F23FA20060F8D7 /* Frameworks */ = {
			isa = PBXFrameworksBuildPhase;
			buildActionMask = 2147483647;
			files = (
				5B1C448618F23FA20060F8D7 /* XCTest.framework in Frameworks */,
				5B1C448818F23FA20060F8D7 /* UIKit.framework in Frameworks */,
				5B1C448718F23FA20060F8D7 /* Foundation.framework in Frameworks */,
			);
			runOnlyForDeploymentPostprocessing = 0;
		};
/* End PBXFrameworksBuildPhase section */

/* Begin PBXGroup section */
		5B1C445A18F23FA20060F8D7 = {
			isa = PBXGroup;
			children = (
				5B1C446C18F23FA20060F8D7 /* ex_UIButton */,
				5B1C448B18F23FA20060F8D7 /* ex_UIButtonTests */,
				5B1C446518F23FA20060F8D7 /* Frameworks */,
				5B1C446418F23FA20060F8D7 /* Products */,
			);
			sourceTree = "<group>";
		};
		5B1C446418F23FA20060F8D7 /* Products */ = {
			isa = PBXGroup;
			children = (
				5B1C446318F23FA20060F8D7 /* ex_UIButton.app */,
				5B1C448418F23FA20060F8D7 /* ex_UIButtonTests.xctest */,
			);
			name = Products;
			sourceTree = "<group>";
		};
		5B1C446518F23FA20060F8D7 /* Frameworks */ = {
			isa = PBXGroup;
			children = (
				5B1C446618F23FA20060F8D7 /* Foundation.framework */,
				5B1C446818F23FA20060F8D7 /* CoreGraphics.framework */,
				5B1C446A18F23FA20060F8D7 /* UIKit.framework */,
				5B1C448518F23FA20060F8D7 /* XCTest.framework */,
			);
			name = Frameworks;
			sourceTree = "<group>";
		};
		5B1C446C18F23FA20060F8D7 /* ex_UIButton */ = {
			isa = PBXGroup;
			children = (
				5B1C447518F23FA20060F8D7 /* AppDelegate.h */,
				5B1C447618F23FA20060F8D7 /* AppDelegate.m */,
				5B1C447818F23FA20060F8D7 /* Main.storyboard */,
				5B1C447B18F23FA20060F8D7 /* ViewController.h */,
				5B1C447C18F23FA20060F8D7 /* ViewController.m */,
				5B1C447E18F23FA20060F8D7 /* Images.xcassets */,
				5B1C446D18F23FA20060F8D7 /* Supporting Files */,
			);
			path = ex_UIButton;
			sourceTree = "<group>";
		};
		5B1C446D18F23FA20060F8D7 /* Supporting Files */ = {
			isa = PBXGroup;
			children = (
				5B1C446E18F23FA20060F8D7 /* ex_UIButton-Info.plist */,
				5B1C446F18F23FA20060F8D7 /* InfoPlist.strings */,
				5B1C447218F23FA20060F8D7 /* main.m */,
				5B1C447418F23FA20060F8D7 /* ex_UIButton-Prefix.pch */,
			);
			name = "Supporting Files";
			sourceTree = "<group>";
		};
		5B1C448B18F23FA20060F8D7 /* ex_UIButtonTests */ = {
			isa = PBXGroup;
			children = (
				5B1C449118F23FA20060F8D7 /* ex_UIButtonTests.m */,
				5B1C448C18F23FA20060F8D7 /* Supporting Files */,
			);
			path = ex_UIButtonTests;
			sourceTree = "<group>";
		};
		5B1C448C18F23FA20060F8D7 /* Supporting Files */ = {
			isa = PBXGroup;
			children = (
				5B1C448D18F23FA20060F8D7 /* ex_UIButtonTests-Info.plist */,
				5B1C448E18F23FA20060F8D7 /* InfoPlist.strings */,
			);
			name = "Supporting Files";
			sourceTree = "<group>";
		};
/* End PBXGroup section */

/* Begin PBXNativeTarget section */
		5B1C446218F23FA20060F8D7 /* ex_UIButton */ = {
			isa = PBXNativeTarget;
			buildConfigurationList = 5B1C449518F23FA20060F8D7 /* Build configuration list for PBXNativeTarget "ex_UIButton" */;
			buildPhases = (
				5B1C445F18F23FA20060F8D7 /* Sources */,
				5B1C446018F23FA20060F8D7 /* Frameworks */,
				5B1C446118F23FA20060F8D7 /* Resources */,
			);
			buildRules = (
			);
			dependencies = (
			);
			name = ex_UIButton;
			productName = ex_UIButton;
			productReference = 5B1C446318F23FA20060F8D7 /* ex_UIButton.app */;
			productType = "com.apple.product-type.application";
		};
		5B1C448318F23FA20060F8D7 /* ex_UIButtonTests */ = {
			isa = PBXNativeTarget;
			buildConfigurationList = 5B1C449818F23FA20060F8D7 /* Build configuration list for PBXNativeTarget "ex_UIButtonTests" */;
			buildPhases = (
				5B1C448018F23FA20060F8D7 /* Sources */,
				5B1C448118F23FA20060F8D7 /* Frameworks */,
				5B1C448218F23FA20060F8D7 /* Resources */,
			);
			buildRules = (
			);
			dependencies = (
				5B1C448A18F23FA20060F8D7 /* PBXTargetDependency */,
			);
			name = ex_UIButtonTests;
			productName = ex_UIButtonTests;
			productReference = 5B1C448418F23FA20060F8D7 /* ex_UIButtonTests.xctest */;
			productType = "com.apple.product-type.bundle.unit-test";
		};
/* End PBXNativeTarget section */

/* Begin PBXProject section */
		5B1C445B18F23FA20060F8D7 /* Project object */ = {
			isa = PBXProject;
			attributes = {
				LastUpgradeCheck = 0510;
				ORGANIZATIONNAME = taketomato;
				TargetAttributes = {
					5B1C448318F23FA20060F8D7 = {
						TestTargetID = 5B1C446218F23FA20060F8D7;
					};
				};
			};
			buildConfigurationList = 5B1C445E18F23FA20060F8D7 /* Build configuration list for PBXProject "ex_UIButton" */;
			compatibilityVersion = "Xcode 3.2";
			developmentRegion = English;
			hasScannedForEncodings = 0;
			knownRegions = (
				en,
				Base,
			);
			mainGroup = 5B1C445A18F23FA20060F8D7;
			productRefGroup = 5B1C446418F23FA20060F8D7 /* Products */;
			projectDirPath = "";
			projectRoot = "";
			targets = (
				5B1C446218F23FA20060F8D7 /* ex_UIButton */,
				5B1C448318F23FA20060F8D7 /* ex_UIButtonTests */,
			);
		};
/* End PBXProject section */

/* Begin PBXResourcesBuildPhase section */
		5B1C446118F23FA20060F8D7 /* Resources */ = {
			isa = PBXResourcesBuildPhase;
			buildActionMask = 2147483647;
			files = (
				5B1C447F18F23FA20060F8D7 /* Images.xcassets in Resources */,
				5B1C447118F23FA20060F8D7 /* InfoPlist.strings in Resources */,
				5B1C447A18F23FA20060F8D7 /* Main.storyboard in Resources */,
			);
			runOnlyForDeploymentPostprocessing = 0;
		};
		5B1C448218F23FA20060F8D7 /* Resources */ = {
			isa = PBXResourcesBuildPhase;
			buildActionMask = 2147483647;
			files = (
				5B1C449018F23FA20060F8D7 /* InfoPlist.strings in Resources */,
			);
			runOnlyForDeploymentPostprocessing = 0;
		};
/* End PBXResourcesBuildPhase section */

/* Begin PBXSourcesBuildPhase section */
		5B1C445F18F23FA20060F8D7 /* Sources */ = {
			isa = PBXSourcesBuildPhase;
			buildActionMask = 2147483647;
			files = (
				5B1C447D18F23FA20060F8D7 /* ViewController.m in Sources */,
				5B1C447718F23FA20060F8D7 /* AppDelegate.m in Sources */,
				5B1C447318F23FA20060F8D7 /* main.m in Sources */,
			);
			runOnlyForDeploymentPostprocessing = 0;
		};
		5B1C448018F23FA20060F8D7 /* Sources */ = {
			isa = PBXSourcesBuildPhase;
			buildActionMask = 2147483647;
			files = (
				5B1C449218F23FA20060F8D7 /* ex_UIButtonTests.m in Sources */,
			);
			runOnlyForDeploymentPostprocessing = 0;
		};
/* End PBXSourcesBuildPhase section */

/* Begin PBXTargetDependency section */
		5B1C448A18F23FA20060F8D7 /* PBXTargetDependency */ = {
			isa = PBXTargetDependency;
			target = 5B1C446218F23FA20060F8D7 /* ex_UIButton */;
			targetProxy = 5B1C448918F23FA20060F8D7 /* PBXContainerItemProxy */;
		};
/* End PBXTargetDependency section */

/* Begin PBXVariantGroup section */
		5B1C446F18F23FA20060F8D7 /* InfoPlist.strings */ = {
			isa = PBXVariantGroup;
			children = (
				5B1C447018F23FA20060F8D7 /* en */,
			);
			name = InfoPlist.strings;
			sourceTree = "<group>";
		};
		5B1C447818F23FA20060F8D7 /* Main.storyboard */ = {
			isa = PBXVariantGroup;
			children = (
				5B1C447918F23FA20060F8D7 /* Base */,
			);
			name = Main.storyboard;
			sourceTree = "<group>";
		};
		5B1C448E18F23FA20060F8D7 /* InfoPlist.strings */ = {
			isa = PBXVariantGroup;
			children = (
				5B1C448F18F23FA20060F8D7 /* en */,
			);
			name = InfoPlist.strings;
			sourceTree = "<group>";
		};
/* End PBXVariantGroup section */

/* Begin XCBuildConfiguration section */
		5B1C449318F23FA20060F8D7 /* Debug */ = {
			isa = XCBuildConfiguration;
			buildSettings = {
				ALWAYS_SEARCH_USER_PATHS = NO;
				CLANG_CXX_LANGUAGE_STANDARD = "gnu++0x";
				CLANG_CXX_LIBRARY = "libc++";
				CLANG_ENABLE_MODULES = YES;
				CLANG_ENABLE_OBJC_ARC = YES;
				CLANG_WARN_BOOL_CONVERSION = YES;
				CLANG_WARN_CONSTANT_CONVERSION = YES;
				CLANG_WARN_DIRECT_OBJC_ISA_USAGE = YES_ERROR;
				CLANG_WARN_EMPTY_BODY = YES;
				CLANG_WARN_ENUM_CONVERSION = YES;
				CLANG_WARN_INT_CONVERSION = YES;
				CLANG_WARN_OBJC_ROOT_CLASS = YES_ERROR;
				CLANG_WARN__DUPLICATE_METHOD_MATCH = YES;
				"CODE_SIGN_IDENTITY[sdk=iphoneos*]" = "iPhone Developer";
				COPY_PHASE_STRIP = NO;
				GCC_C_LANGUAGE_STANDARD = gnu99;
				GCC_DYNAMIC_NO_PIC = NO;
				GCC_OPTIMIZATION_LEVEL = 0;
				GCC_PREPROCESSOR_DEFINITIONS = (
					"DEBUG=1",
					"$(inherited)",
				);
				GCC_SYMBOLS_PRIVATE_EXTERN = NO;
				GCC_WARN_64_TO_32_BIT_CONVERSION = YES;
				GCC_WARN_ABOUT_RETURN_TYPE = YES_ERROR;
				GCC_WARN_UNDECLARED_SELECTOR = YES;
				GCC_WARN_UNINITIALIZED_AUTOS = YES_AGGRESSIVE;
				GCC_WARN_UNUSED_FUNCTION = YES;
				GCC_WARN_UNUSED_VARIABLE = YES;
				IPHONEOS_DEPLOYMENT_TARGET = 7.1;
				ONLY_ACTIVE_ARCH = YES;
				SDKROOT = iphoneos;
			};
			name = Debug;
		};
		5B1C449418F23FA20060F8D7 /* Release */ = {
			isa = XCBuildConfiguration;
			buildSettings = {
				ALWAYS_SEARCH_USER_PATHS = NO;
				CLANG_CXX_LANGUAGE_STANDARD = "gnu++0x";
				CLANG_CXX_LIBRARY = "libc++";
				CLANG_ENABLE_MODULES = YES;
				CLANG_ENABLE_OBJC_ARC = YES;
				CLANG_WARN_BOOL_CONVERSION = YES;
				CLANG_WARN_CONSTANT_CONVERSION = YES;
				CLANG_WARN_DIRECT_OBJC_ISA_USAGE = YES_ERROR;
				CLANG_WARN_EMPTY_BODY = YES;
				CLANG_WARN_ENUM_CONVERSION = YES;
				CLANG_WARN_INT_CONVERSION = YES;
				CLANG_WARN_OBJC_ROOT_CLASS = YES_ERROR;
				CLANG_WARN__DUPLICATE_METHOD_MATCH = YES;
				"CODE_SIGN_IDENTITY[sdk=iphoneos*]" = "iPhone Developer";
				COPY_PHASE_STRIP = YES;
				ENABLE_NS_ASSERTIONS = NO;
				GCC_C_LANGUAGE_STANDARD = gnu99;
				GCC_WARN_64_TO_32_BIT_CONVERSION = YES;
				GCC_WARN_ABOUT_RETURN_TYPE = YES_ERROR;
				GCC_WARN_UNDECLARED_SELECTOR = YES;
				GCC_WARN_UNINITIALIZED_AUTOS = YES_AGGRESSIVE;
				GCC_WARN_UNUSED_FUNCTION = YES;
				GCC_WARN_UNUSED_VARIABLE = YES;
				IPHONEOS_DEPLOYMENT_TARGET = 7.1;
				SDKROOT = iphoneos;
				VALIDATE_PRODUCT = YES;
			};
			name = Release;
		};
		5B1C449618F23FA20060F8D7 /* Debug */ = {
			isa = XCBuildConfiguration;
			buildSettings = {
				ASSETCATALOG_COMPILER_APPICON_NAME = AppIcon;
				ASSETCATALOG_COMPILER_LAUNCHIMAGE_NAME = LaunchImage;
				GCC_PRECOMPILE_PREFIX_HEADER = YES;
				GCC_PREFIX_HEADER = "ex_UIButton/ex_UIButton-Prefix.pch";
				INFOPLIST_FILE = "ex_UIButton/ex_UIButton-Info.plist";
				PRODUCT_NAME = "$(TARGET_NAME)";
				WRAPPER_EXTENSION = app;
			};
			name = Debug;
		};
		5B1C449718F23FA20060F8D7 /* Release */ = {
			isa = XCBuildConfiguration;
			buildSettings = {
				ASSETCATALOG_COMPILER_APPICON_NAME = AppIcon;
				ASSETCATALOG_COMPILER_LAUNCHIMAGE_NAME = LaunchImage;
				GCC_PRECOMPILE_PREFIX_HEADER = YES;
				GCC_PREFIX_HEADER = "ex_UIButton/ex_UIButton-Prefix.pch";
				INFOPLIST_FILE = "ex_UIButton/ex_UIButton-Info.plist";
				PRODUCT_NAME = "$(TARGET_NAME)";
				WRAPPER_EXTENSION = app;
			};
			name = Release;
		};
		5B1C449918F23FA20060F8D7 /* Debug */ = {
			isa = XCBuildConfiguration;
			buildSettings = {
				BUNDLE_LOADER = "$(BUILT_PRODUCTS_DIR)/ex_UIButton.app/ex_UIButton";
				FRAMEWORK_SEARCH_PATHS = (
					"$(SDKROOT)/Developer/Library/Frameworks",
					"$(inherited)",
					"$(DEVELOPER_FRAMEWORKS_DIR)",
				);
				GCC_PRECOMPILE_PREFIX_HEADER = YES;
				GCC_PREFIX_HEADER = "ex_UIButton/ex_UIButton-Prefix.pch";
				GCC_PREPROCESSOR_DEFINITIONS = (
					"DEBUG=1",
					"$(inherited)",
				);
				INFOPLIST_FILE = "ex_UIButtonTests/ex_UIButtonTests-Info.plist";
				PRODUCT_NAME = "$(TARGET_NAME)";
				TEST_HOST = "$(BUNDLE_LOADER)";
				WRAPPER_EXTENSION = xctest;
			};
			name = Debug;
		};
		5B1C449A18F23FA20060F8D7 /* Release */ = {
			isa = XCBuildConfiguration;
			buildSettings = {
				BUNDLE_LOADER = "$(BUILT_PRODUCTS_DIR)/ex_UIButton.app/ex_UIButton";
				FRAMEWORK_SEARCH_PATHS = (
					"$(SDKROOT)/Developer/Library/Frameworks",
					"$(inherited)",
					"$(DEVELOPER_FRAMEWORKS_DIR)",
				);
				GCC_PRECOMPILE_PREFIX_HEADER = YES;
				GCC_PREFIX_HEADER = "ex_UIButton/ex_UIButton-Prefix.pch";
				INFOPLIST_FILE = "ex_UIButtonTests/ex_UIButtonTests-Info.plist";
				PRODUCT_NAME = "$(TARGET_NAME)";
				TEST_HOST = "$(BUNDLE_LOADER)";
				WRAPPER_EXTENSION = xctest;
			};
			name = Release;
		};
/* End XCBuildConfiguration section */

/* Begin XCConfigurationList section */
		5B1C445E18F23FA20060F8D7 /* Build configuration list for PBXProject "ex_UIButton" */ = {
			isa = XCConfigurationList;
			buildConfigurations = (
				5B1C449318F23FA20060F8D7 /* Debug */,
				5B1C449418F23FA20060F8D7 /* Release */,
			);
			defaultConfigurationIsVisible = 0;
			defaultConfigurationName = Release;
		};
		5B1C449518F23FA20060F8D7 /* Build configuration list for PBXNativeTarget "ex_UIButton" */ = {
			isa = XCConfigurationList;
			buildConfigurations = (
				5B1C449618F23FA20060F8D7 /* Debug */,
				5B1C449718F23FA20060F8D7 /* Release */,
			);
			defaultConfigurationIsVisible = 0;
		};
		5B1C449818F23FA20060F8D7 /* Build configuration list for PBXNativeTarget "ex_UIButtonTests" */ = {
			isa = XCConfigurationList;
			buildConfigurations = (
				5B1C449918F23FA20060F8D7 /* Debug */,
				5B1C449A18F23FA20060F8D7 /* Release */,
			);
			defaultConfigurationIsVisible = 0;
		};
/* End XCConfigurationList section */
	};
	rootObject = 5B1C445B18F23FA20060F8D7 /* Project object */;
}
