// !$*UTF8*$!
{
	archiveVersion = 1;
	classes = {
	};
	objectVersion = 46;
	objects = {

/* Begin PBXBuildFile section */
		92CDB75317CA2D1D00E29800 /* Foundation.framework in Frameworks */ = {isa = PBXBuildFile; fileRef = 92CDB75217CA2D1D00E29800 /* Foundation.framework */; };
		92CDB75517CA2D1D00E29800 /* CoreGraphics.framework in Frameworks */ = {isa = PBXBuildFile; fileRef = 92CDB75417CA2D1D00E29800 /* CoreGraphics.framework */; };
		92CDB75717CA2D1D00E29800 /* UIKit.framework in Frameworks */ = {isa = PBXBuildFile; fileRef = 92CDB75617CA2D1D00E29800 /* UIKit.framework */; };
		92CDB75D17CA2D1D00E29800 /* InfoPlist.strings in Resources */ = {isa = PBXBuildFile; fileRef = 92CDB75B17CA2D1D00E29800 /* InfoPlist.strings */; };
		92CDB75F17CA2D1D00E29800 /* main.m in Sources */ = {isa = PBXBuildFile; fileRef = 92CDB75E17CA2D1D00E29800 /* main.m */; };
		92CDB76317CA2D1D00E29800 /* AppDelegate.m in Sources */ = {isa = PBXBuildFile; fileRef = 92CDB76217CA2D1D00E29800 /* AppDelegate.m */; };
		92CDB76617CA2D1D00E29800 /* Main.storyboard in Resources */ = {isa = PBXBuildFile; fileRef = 92CDB76417CA2D1D00E29800 /* Main.storyboard */; };
		92CDB76917CA2D1D00E29800 /* ViewController.m in Sources */ = {isa = PBXBuildFile; fileRef = 92CDB76817CA2D1D00E29800 /* ViewController.m */; };
		92CDB76B17CA2D1D00E29800 /* Images.xcassets in Resources */ = {isa = PBXBuildFile; fileRef = 92CDB76A17CA2D1D00E29800 /* Images.xcassets */; };
		92CDB77217CA2D1D00E29800 /* XCTest.framework in Frameworks */ = {isa = PBXBuildFile; fileRef = 92CDB77117CA2D1D00E29800 /* XCTest.framework */; };
		92CDB77317CA2D1D00E29800 /* Foundation.framework in Frameworks */ = {isa = PBXBuildFile; fileRef = 92CDB75217CA2D1D00E29800 /* Foundation.framework */; };
		92CDB77417CA2D1D00E29800 /* UIKit.framework in Frameworks */ = {isa = PBXBuildFile; fileRef = 92CDB75617CA2D1D00E29800 /* UIKit.framework */; };
		92CDB77C17CA2D1D00E29800 /* InfoPlist.strings in Resources */ = {isa = PBXBuildFile; fileRef = 92CDB77A17CA2D1D00E29800 /* InfoPlist.strings */; };
		92CDB77E17CA2D1D00E29800 /* ex_convertPointTests.m in Sources */ = {isa = PBXBuildFile; fileRef = 92CDB77D17CA2D1D00E29800 /* ex_convertPointTests.m */; };
		92CDB78917CA2D4D00E29800 /* ring.png in Resources */ = {isa = PBXBuildFile; fileRef = 92CDB78717CA2D4D00E29800 /* ring.png */; };
		92CDB78A17CA2D4D00E29800 /* tombo.png in Resources */ = {isa = PBXBuildFile; fileRef = 92CDB78817CA2D4D00E29800 /* tombo.png */; };
/* End PBXBuildFile section */

/* Begin PBXContainerItemProxy section */
		92CDB77517CA2D1D00E29800 /* PBXContainerItemProxy */ = {
			isa = PBXContainerItemProxy;
			containerPortal = 92CDB74717CA2D1D00E29800 /* Project object */;
			proxyType = 1;
			remoteGlobalIDString = 92CDB74E17CA2D1D00E29800;
			remoteInfo = ex_convertPoint;
		};
/* End PBXContainerItemProxy section */

/* Begin PBXFileReference section */
		92CDB74F17CA2D1D00E29800 /* ex_convertPoint.app */ = {isa = PBXFileReference; explicitFileType = wrapper.application; includeInIndex = 0; path = ex_convertPoint.app; sourceTree = BUILT_PRODUCTS_DIR; };
		92CDB75217CA2D1D00E29800 /* Foundation.framework */ = {isa = PBXFileReference; lastKnownFileType = wrapper.framework; name = Foundation.framework; path = System/Library/Frameworks/Foundation.framework; sourceTree = SDKROOT; };
		92CDB75417CA2D1D00E29800 /* CoreGraphics.framework */ = {isa = PBXFileReference; lastKnownFileType = wrapper.framework; name = CoreGraphics.framework; path = System/Library/Frameworks/CoreGraphics.framework; sourceTree = SDKROOT; };
		92CDB75617CA2D1D00E29800 /* UIKit.framework */ = {isa = PBXFileReference; lastKnownFileType = wrapper.framework; name = UIKit.framework; path = System/Library/Frameworks/UIKit.framework; sourceTree = SDKROOT; };
		92CDB75A17CA2D1D00E29800 /* ex_convertPoint-Info.plist */ = {isa = PBXFileReference; lastKnownFileType = text.plist.xml; path = "ex_convertPoint-Info.plist"; sourceTree = "<group>"; };
		92CDB75C17CA2D1D00E29800 /* en */ = {isa = PBXFileReference; lastKnownFileType = text.plist.strings; name = en; path = en.lproj/InfoPlist.strings; sourceTree = "<group>"; };
		92CDB75E17CA2D1D00E29800 /* main.m */ = {isa = PBXFileReference; lastKnownFileType = sourcecode.c.objc; path = main.m; sourceTree = "<group>"; };
		92CDB76017CA2D1D00E29800 /* ex_convertPoint-Prefix.pch */ = {isa = PBXFileReference; lastKnownFileType = sourcecode.c.h; path = "ex_convertPoint-Prefix.pch"; sourceTree = "<group>"; };
		92CDB76117CA2D1D00E29800 /* AppDelegate.h */ = {isa = PBXFileReference; lastKnownFileType = sourcecode.c.h; path = AppDelegate.h; sourceTree = "<group>"; };
		92CDB76217CA2D1D00E29800 /* AppDelegate.m */ = {isa = PBXFileReference; lastKnownFileType = sourcecode.c.objc; path = AppDelegate.m; sourceTree = "<group>"; };
		92CDB76517CA2D1D00E29800 /* Base */ = {isa = PBXFileReference; lastKnownFileType = file.storyboard; name = Base; path = Base.lproj/Main.storyboard; sourceTree = "<group>"; };
		92CDB76717CA2D1D00E29800 /* ViewController.h */ = {isa = PBXFileReference; lastKnownFileType = sourcecode.c.h; path = ViewController.h; sourceTree = "<group>"; };
		92CDB76817CA2D1D00E29800 /* ViewController.m */ = {isa = PBXFileReference; lastKnownFileType = sourcecode.c.objc; path = ViewController.m; sourceTree = "<group>"; };
		92CDB76A17CA2D1D00E29800 /* Images.xcassets */ = {isa = PBXFileReference; lastKnownFileType = folder.assetcatalog; path = Images.xcassets; sourceTree = "<group>"; };
		92CDB77017CA2D1D00E29800 /* ex_convertPointTests.xctest */ = {isa = PBXFileReference; explicitFileType = wrapper.cfbundle; includeInIndex = 0; path = ex_convertPointTests.xctest; sourceTree = BUILT_PRODUCTS_DIR; };
		92CDB77117CA2D1D00E29800 /* XCTest.framework */ = {isa = PBXFileReference; lastKnownFileType = wrapper.framework; name = XCTest.framework; path = Library/Frameworks/XCTest.framework; sourceTree = DEVELOPER_DIR; };
		92CDB77917CA2D1D00E29800 /* ex_convertPointTests-Info.plist */ = {isa = PBXFileReference; lastKnownFileType = text.plist.xml; path = "ex_convertPointTests-Info.plist"; sourceTree = "<group>"; };
		92CDB77B17CA2D1D00E29800 /* en */ = {isa = PBXFileReference; lastKnownFileType = text.plist.strings; name = en; path = en.lproj/InfoPlist.strings; sourceTree = "<group>"; };
		92CDB77D17CA2D1D00E29800 /* ex_convertPointTests.m */ = {isa = PBXFileReference; lastKnownFileType = sourcecode.c.objc; path = ex_convertPointTests.m; sourceTree = "<group>"; };
		92CDB78717CA2D4D00E29800 /* ring.png */ = {isa = PBXFileReference; lastKnownFileType = image.png; path = ring.png; sourceTree = "<group>"; };
		92CDB78817CA2D4D00E29800 /* tombo.png */ = {isa = PBXFileReference; lastKnownFileType = image.png; path = tombo.png; sourceTree = "<group>"; };
/* End PBXFileReference section */

/* Begin PBXFrameworksBuildPhase section */
		92CDB74C17CA2D1D00E29800 /* Frameworks */ = {
			isa = PBXFrameworksBuildPhase;
			buildActionMask = 2147483647;
			files = (
				92CDB75517CA2D1D00E29800 /* CoreGraphics.framework in Frameworks */,
				92CDB75717CA2D1D00E29800 /* UIKit.framework in Frameworks */,
				92CDB75317CA2D1D00E29800 /* Foundation.framework in Frameworks */,
			);
			runOnlyForDeploymentPostprocessing = 0;
		};
		92CDB76D17CA2D1D00E29800 /* Frameworks */ = {
			isa = PBXFrameworksBuildPhase;
			buildActionMask = 2147483647;
			files = (
				92CDB77217CA2D1D00E29800 /* XCTest.framework in Frameworks */,
				92CDB77417CA2D1D00E29800 /* UIKit.framework in Frameworks */,
				92CDB77317CA2D1D00E29800 /* Foundation.framework in Frameworks */,
			);
			runOnlyForDeploymentPostprocessing = 0;
		};
/* End PBXFrameworksBuildPhase section */

/* Begin PBXGroup section */
		92CDB74617CA2D1D00E29800 = {
			isa = PBXGroup;
			children = (
				92CDB75817CA2D1D00E29800 /* ex_convertPoint */,
				92CDB77717CA2D1D00E29800 /* ex_convertPointTests */,
				92CDB75117CA2D1D00E29800 /* Frameworks */,
				92CDB75017CA2D1D00E29800 /* Products */,
			);
			sourceTree = "<group>";
		};
		92CDB75017CA2D1D00E29800 /* Products */ = {
			isa = PBXGroup;
			children = (
				92CDB74F17CA2D1D00E29800 /* ex_convertPoint.app */,
				92CDB77017CA2D1D00E29800 /* ex_convertPointTests.xctest */,
			);
			name = Products;
			sourceTree = "<group>";
		};
		92CDB75117CA2D1D00E29800 /* Frameworks */ = {
			isa = PBXGroup;
			children = (
				92CDB75217CA2D1D00E29800 /* Foundation.framework */,
				92CDB75417CA2D1D00E29800 /* CoreGraphics.framework */,
				92CDB75617CA2D1D00E29800 /* UIKit.framework */,
				92CDB77117CA2D1D00E29800 /* XCTest.framework */,
			);
			name = Frameworks;
			sourceTree = "<group>";
		};
		92CDB75817CA2D1D00E29800 /* ex_convertPoint */ = {
			isa = PBXGroup;
			children = (
				92CDB76117CA2D1D00E29800 /* AppDelegate.h */,
				92CDB76217CA2D1D00E29800 /* AppDelegate.m */,
				92CDB76417CA2D1D00E29800 /* Main.storyboard */,
				92CDB76717CA2D1D00E29800 /* ViewController.h */,
				92CDB76817CA2D1D00E29800 /* ViewController.m */,
				92CDB78717CA2D4D00E29800 /* ring.png */,
				92CDB78817CA2D4D00E29800 /* tombo.png */,
				92CDB76A17CA2D1D00E29800 /* Images.xcassets */,
				92CDB75917CA2D1D00E29800 /* Supporting Files */,
			);
			path = ex_convertPoint;
			sourceTree = "<group>";
		};
		92CDB75917CA2D1D00E29800 /* Supporting Files */ = {
			isa = PBXGroup;
			children = (
				92CDB75A17CA2D1D00E29800 /* ex_convertPoint-Info.plist */,
				92CDB75B17CA2D1D00E29800 /* InfoPlist.strings */,
				92CDB75E17CA2D1D00E29800 /* main.m */,
				92CDB76017CA2D1D00E29800 /* ex_convertPoint-Prefix.pch */,
			);
			name = "Supporting Files";
			sourceTree = "<group>";
		};
		92CDB77717CA2D1D00E29800 /* ex_convertPointTests */ = {
			isa = PBXGroup;
			children = (
				92CDB77D17CA2D1D00E29800 /* ex_convertPointTests.m */,
				92CDB77817CA2D1D00E29800 /* Supporting Files */,
			);
			path = ex_convertPointTests;
			sourceTree = "<group>";
		};
		92CDB77817CA2D1D00E29800 /* Supporting Files */ = {
			isa = PBXGroup;
			children = (
				92CDB77917CA2D1D00E29800 /* ex_convertPointTests-Info.plist */,
				92CDB77A17CA2D1D00E29800 /* InfoPlist.strings */,
			);
			name = "Supporting Files";
			sourceTree = "<group>";
		};
/* End PBXGroup section */

/* Begin PBXNativeTarget section */
		92CDB74E17CA2D1D00E29800 /* ex_convertPoint */ = {
			isa = PBXNativeTarget;
			buildConfigurationList = 92CDB78117CA2D1D00E29800 /* Build configuration list for PBXNativeTarget "ex_convertPoint" */;
			buildPhases = (
				92CDB74B17CA2D1D00E29800 /* Sources */,
				92CDB74C17CA2D1D00E29800 /* Frameworks */,
				92CDB74D17CA2D1D00E29800 /* Resources */,
			);
			buildRules = (
			);
			dependencies = (
			);
			name = ex_convertPoint;
			productName = ex_convertPoint;
			productReference = 92CDB74F17CA2D1D00E29800 /* ex_convertPoint.app */;
			productType = "com.apple.product-type.application";
		};
		92CDB76F17CA2D1D00E29800 /* ex_convertPointTests */ = {
			isa = PBXNativeTarget;
			buildConfigurationList = 92CDB78417CA2D1D00E29800 /* Build configuration list for PBXNativeTarget "ex_convertPointTests" */;
			buildPhases = (
				92CDB76C17CA2D1D00E29800 /* Sources */,
				92CDB76D17CA2D1D00E29800 /* Frameworks */,
				92CDB76E17CA2D1D00E29800 /* Resources */,
			);
			buildRules = (
			);
			dependencies = (
				92CDB77617CA2D1D00E29800 /* PBXTargetDependency */,
			);
			name = ex_convertPointTests;
			productName = ex_convertPointTests;
			productReference = 92CDB77017CA2D1D00E29800 /* ex_convertPointTests.xctest */;
			productType = "com.apple.product-type.bundle.unit-test";
		};
/* End PBXNativeTarget section */

/* Begin PBXProject section */
		92CDB74717CA2D1D00E29800 /* Project object */ = {
			isa = PBXProject;
			attributes = {
				LastUpgradeCheck = 0500;
				ORGANIZATIONNAME = yoshiyuki;
				TargetAttributes = {
					92CDB76F17CA2D1D00E29800 = {
						TestTargetID = 92CDB74E17CA2D1D00E29800;
					};
				};
			};
			buildConfigurationList = 92CDB74A17CA2D1D00E29800 /* Build configuration list for PBXProject "ex_convertPoint" */;
			compatibilityVersion = "Xcode 3.2";
			developmentRegion = English;
			hasScannedForEncodings = 0;
			knownRegions = (
				en,
				Base,
			);
			mainGroup = 92CDB74617CA2D1D00E29800;
			productRefGroup = 92CDB75017CA2D1D00E29800 /* Products */;
			projectDirPath = "";
			projectRoot = "";
			targets = (
				92CDB74E17CA2D1D00E29800 /* ex_convertPoint */,
				92CDB76F17CA2D1D00E29800 /* ex_convertPointTests */,
			);
		};
/* End PBXProject section */

/* Begin PBXResourcesBuildPhase section */
		92CDB74D17CA2D1D00E29800 /* Resources */ = {
			isa = PBXResourcesBuildPhase;
			buildActionMask = 2147483647;
			files = (
				92CDB76B17CA2D1D00E29800 /* Images.xcassets in Resources */,
				92CDB75D17CA2D1D00E29800 /* InfoPlist.strings in Resources */,
				92CDB76617CA2D1D00E29800 /* Main.storyboard in Resources */,
				92CDB78917CA2D4D00E29800 /* ring.png in Resources */,
				92CDB78A17CA2D4D00E29800 /* tombo.png in Resources */,
			);
			runOnlyForDeploymentPostprocessing = 0;
		};
		92CDB76E17CA2D1D00E29800 /* Resources */ = {
			isa = PBXResourcesBuildPhase;
			buildActionMask = 2147483647;
			files = (
				92CDB77C17CA2D1D00E29800 /* InfoPlist.strings in Resources */,
			);
			runOnlyForDeploymentPostprocessing = 0;
		};
/* End PBXResourcesBuildPhase section */

/* Begin PBXSourcesBuildPhase section */
		92CDB74B17CA2D1D00E29800 /* Sources */ = {
			isa = PBXSourcesBuildPhase;
			buildActionMask = 2147483647;
			files = (
				92CDB76917CA2D1D00E29800 /* ViewController.m in Sources */,
				92CDB76317CA2D1D00E29800 /* AppDelegate.m in Sources */,
				92CDB75F17CA2D1D00E29800 /* main.m in Sources */,
			);
			runOnlyForDeploymentPostprocessing = 0;
		};
		92CDB76C17CA2D1D00E29800 /* Sources */ = {
			isa = PBXSourcesBuildPhase;
			buildActionMask = 2147483647;
			files = (
				92CDB77E17CA2D1D00E29800 /* ex_convertPointTests.m in Sources */,
			);
			runOnlyForDeploymentPostprocessing = 0;
		};
/* End PBXSourcesBuildPhase section */

/* Begin PBXTargetDependency section */
		92CDB77617CA2D1D00E29800 /* PBXTargetDependency */ = {
			isa = PBXTargetDependency;
			target = 92CDB74E17CA2D1D00E29800 /* ex_convertPoint */;
			targetProxy = 92CDB77517CA2D1D00E29800 /* PBXContainerItemProxy */;
		};
/* End PBXTargetDependency section */

/* Begin PBXVariantGroup section */
		92CDB75B17CA2D1D00E29800 /* InfoPlist.strings */ = {
			isa = PBXVariantGroup;
			children = (
				92CDB75C17CA2D1D00E29800 /* en */,
			);
			name = InfoPlist.strings;
			sourceTree = "<group>";
		};
		92CDB76417CA2D1D00E29800 /* Main.storyboard */ = {
			isa = PBXVariantGroup;
			children = (
				92CDB76517CA2D1D00E29800 /* Base */,
			);
			name = Main.storyboard;
			sourceTree = "<group>";
		};
		92CDB77A17CA2D1D00E29800 /* InfoPlist.strings */ = {
			isa = PBXVariantGroup;
			children = (
				92CDB77B17CA2D1D00E29800 /* en */,
			);
			name = InfoPlist.strings;
			sourceTree = "<group>";
		};
/* End PBXVariantGroup section */

/* Begin XCBuildConfiguration section */
		92CDB77F17CA2D1D00E29800 /* Debug */ = {
			isa = XCBuildConfiguration;
			buildSettings = {
				ALWAYS_SEARCH_USER_PATHS = NO;
				CLANG_CXX_LANGUAGE_STANDARD = "gnu++0x";
				CLANG_CXX_LIBRARY = "libc++";
				CLANG_ENABLE_MODULES = YES;
				CLANG_ENABLE_OBJC_ARC = YES;
				CLANG_WARN_BOOL_CONVERSION = YES;
				CLANG_WARN_CONSTANT_CONVERSION = YES;
				CLANG_WARN_DIRECT_OBJC_ISA_USAGE = YES_ERROR;
				CLANG_WARN_EMPTY_BODY = YES;
				CLANG_WARN_ENUM_CONVERSION = YES;
				CLANG_WARN_INT_CONVERSION = YES;
				CLANG_WARN_OBJC_ROOT_CLASS = YES_ERROR;
				CLANG_WARN__DUPLICATE_METHOD_MATCH = YES;
				"CODE_SIGN_IDENTITY[sdk=iphoneos*]" = "iPhone Developer";
				COPY_PHASE_STRIP = NO;
				GCC_C_LANGUAGE_STANDARD = gnu99;
				GCC_DYNAMIC_NO_PIC = NO;
				GCC_OPTIMIZATION_LEVEL = 0;
				GCC_PREPROCESSOR_DEFINITIONS = (
					"DEBUG=1",
					"$(inherited)",
				);
				GCC_SYMBOLS_PRIVATE_EXTERN = NO;
				GCC_WARN_ABOUT_RETURN_TYPE = YES_ERROR;
				GCC_WARN_UNDECLARED_SELECTOR = YES;
				GCC_WARN_UNINITIALIZED_AUTOS = YES;
				GCC_WARN_UNUSED_FUNCTION = YES;
				GCC_WARN_UNUSED_VARIABLE = YES;
				IPHONEOS_DEPLOYMENT_TARGET = 7.0;
				ONLY_ACTIVE_ARCH = YES;
				SDKROOT = iphoneos;
			};
			name = Debug;
		};
		92CDB78017CA2D1D00E29800 /* Release */ = {
			isa = XCBuildConfiguration;
			buildSettings = {
				ALWAYS_SEARCH_USER_PATHS = NO;
				CLANG_CXX_LANGUAGE_STANDARD = "gnu++0x";
				CLANG_CXX_LIBRARY = "libc++";
				CLANG_ENABLE_MODULES = YES;
				CLANG_ENABLE_OBJC_ARC = YES;
				CLANG_WARN_BOOL_CONVERSION = YES;
				CLANG_WARN_CONSTANT_CONVERSION = YES;
				CLANG_WARN_DIRECT_OBJC_ISA_USAGE = YES_ERROR;
				CLANG_WARN_EMPTY_BODY = YES;
				CLANG_WARN_ENUM_CONVERSION = YES;
				CLANG_WARN_INT_CONVERSION = YES;
				CLANG_WARN_OBJC_ROOT_CLASS = YES_ERROR;
				CLANG_WARN__DUPLICATE_METHOD_MATCH = YES;
				"CODE_SIGN_IDENTITY[sdk=iphoneos*]" = "iPhone Developer";
				COPY_PHASE_STRIP = YES;
				ENABLE_NS_ASSERTIONS = NO;
				GCC_C_LANGUAGE_STANDARD = gnu99;
				GCC_WARN_ABOUT_RETURN_TYPE = YES_ERROR;
				GCC_WARN_UNDECLARED_SELECTOR = YES;
				GCC_WARN_UNINITIALIZED_AUTOS = YES;
				GCC_WARN_UNUSED_FUNCTION = YES;
				GCC_WARN_UNUSED_VARIABLE = YES;
				IPHONEOS_DEPLOYMENT_TARGET = 7.0;
				SDKROOT = iphoneos;
				VALIDATE_PRODUCT = YES;
			};
			name = Release;
		};
		92CDB78217CA2D1D00E29800 /* Debug */ = {
			isa = XCBuildConfiguration;
			buildSettings = {
				ASSETCATALOG_COMPILER_APPICON_NAME = AppIcon;
				ASSETCATALOG_COMPILER_LAUNCHIMAGE_NAME = LaunchImage;
				CODE_SIGN_IDENTITY = "iPhone Developer";
				GCC_PRECOMPILE_PREFIX_HEADER = YES;
				GCC_PREFIX_HEADER = "ex_convertPoint/ex_convertPoint-Prefix.pch";
				INFOPLIST_FILE = "ex_convertPoint/ex_convertPoint-Info.plist";
				PRODUCT_NAME = "$(TARGET_NAME)";
				WRAPPER_EXTENSION = app;
			};
			name = Debug;
		};
		92CDB78317CA2D1D00E29800 /* Release */ = {
			isa = XCBuildConfiguration;
			buildSettings = {
				ASSETCATALOG_COMPILER_APPICON_NAME = AppIcon;
				ASSETCATALOG_COMPILER_LAUNCHIMAGE_NAME = LaunchImage;
				CODE_SIGN_IDENTITY = "iPhone Developer";
				GCC_PRECOMPILE_PREFIX_HEADER = YES;
				GCC_PREFIX_HEADER = "ex_convertPoint/ex_convertPoint-Prefix.pch";
				INFOPLIST_FILE = "ex_convertPoint/ex_convertPoint-Info.plist";
				PRODUCT_NAME = "$(TARGET_NAME)";
				WRAPPER_EXTENSION = app;
			};
			name = Release;
		};
		92CDB78517CA2D1D00E29800 /* Debug */ = {
			isa = XCBuildConfiguration;
			buildSettings = {
				BUNDLE_LOADER = "$(BUILT_PRODUCTS_DIR)/ex_convertPoint.app/ex_convertPoint";
				FRAMEWORK_SEARCH_PATHS = (
					"$(SDKROOT)/Developer/Library/Frameworks",
					"$(inherited)",
					"$(DEVELOPER_FRAMEWORKS_DIR)",
				);
				GCC_PRECOMPILE_PREFIX_HEADER = YES;
				GCC_PREFIX_HEADER = "ex_convertPoint/ex_convertPoint-Prefix.pch";
				GCC_PREPROCESSOR_DEFINITIONS = (
					"DEBUG=1",
					"$(inherited)",
				);
				INFOPLIST_FILE = "ex_convertPointTests/ex_convertPointTests-Info.plist";
				PRODUCT_NAME = "$(TARGET_NAME)";
				TEST_HOST = "$(BUNDLE_LOADER)";
				WRAPPER_EXTENSION = xctest;
			};
			name = Debug;
		};
		92CDB78617CA2D1D00E29800 /* Release */ = {
			isa = XCBuildConfiguration;
			buildSettings = {
				BUNDLE_LOADER = "$(BUILT_PRODUCTS_DIR)/ex_convertPoint.app/ex_convertPoint";
				FRAMEWORK_SEARCH_PATHS = (
					"$(SDKROOT)/Developer/Library/Frameworks",
					"$(inherited)",
					"$(DEVELOPER_FRAMEWORKS_DIR)",
				);
				GCC_PRECOMPILE_PREFIX_HEADER = YES;
				GCC_PREFIX_HEADER = "ex_convertPoint/ex_convertPoint-Prefix.pch";
				INFOPLIST_FILE = "ex_convertPointTests/ex_convertPointTests-Info.plist";
				PRODUCT_NAME = "$(TARGET_NAME)";
				TEST_HOST = "$(BUNDLE_LOADER)";
				WRAPPER_EXTENSION = xctest;
			};
			name = Release;
		};
/* End XCBuildConfiguration section */

/* Begin XCConfigurationList section */
		92CDB74A17CA2D1D00E29800 /* Build configuration list for PBXProject "ex_convertPoint" */ = {
			isa = XCConfigurationList;
			buildConfigurations = (
				92CDB77F17CA2D1D00E29800 /* Debug */,
				92CDB78017CA2D1D00E29800 /* Release */,
			);
			defaultConfigurationIsVisible = 0;
			defaultConfigurationName = Release;
		};
		92CDB78117CA2D1D00E29800 /* Build configuration list for PBXNativeTarget "ex_convertPoint" */ = {
			isa = XCConfigurationList;
			buildConfigurations = (
				92CDB78217CA2D1D00E29800 /* Debug */,
				92CDB78317CA2D1D00E29800 /* Release */,
			);
			defaultConfigurationIsVisible = 0;
			defaultConfigurationName = Release;
		};
		92CDB78417CA2D1D00E29800 /* Build configuration list for PBXNativeTarget "ex_convertPointTests" */ = {
			isa = XCConfigurationList;
			buildConfigurations = (
				92CDB78517CA2D1D00E29800 /* Debug */,
				92CDB78617CA2D1D00E29800 /* Release */,
			);
			defaultConfigurationIsVisible = 0;
			defaultConfigurationName = Release;
		};
/* End XCConfigurationList section */
	};
	rootObject = 92CDB74717CA2D1D00E29800 /* Project object */;
}
