// !$*UTF8*$!
{
	archiveVersion = 1;
	classes = {
	};
	objectVersion = 46;
	objects = {

/* Begin PBXBuildFile section */
		921CE1CB17CC6817006ADBEE /* Foundation.framework in Frameworks */ = {isa = PBXBuildFile; fileRef = 921CE1CA17CC6817006ADBEE /* Foundation.framework */; };
		921CE1CD17CC6817006ADBEE /* CoreGraphics.framework in Frameworks */ = {isa = PBXBuildFile; fileRef = 921CE1CC17CC6817006ADBEE /* CoreGraphics.framework */; };
		921CE1CF17CC6817006ADBEE /* UIKit.framework in Frameworks */ = {isa = PBXBuildFile; fileRef = 921CE1CE17CC6817006ADBEE /* UIKit.framework */; };
		921CE1D517CC6817006ADBEE /* InfoPlist.strings in Resources */ = {isa = PBXBuildFile; fileRef = 921CE1D317CC6817006ADBEE /* InfoPlist.strings */; };
		921CE1D717CC6817006ADBEE /* main.m in Sources */ = {isa = PBXBuildFile; fileRef = 921CE1D617CC6817006ADBEE /* main.m */; };
		921CE1DB17CC6817006ADBEE /* AppDelegate.m in Sources */ = {isa = PBXBuildFile; fileRef = 921CE1DA17CC6817006ADBEE /* AppDelegate.m */; };
		921CE1DE17CC6817006ADBEE /* Main.storyboard in Resources */ = {isa = PBXBuildFile; fileRef = 921CE1DC17CC6817006ADBEE /* Main.storyboard */; };
		921CE1E117CC6817006ADBEE /* ViewController.m in Sources */ = {isa = PBXBuildFile; fileRef = 921CE1E017CC6817006ADBEE /* ViewController.m */; };
		921CE1E317CC6817006ADBEE /* Images.xcassets in Resources */ = {isa = PBXBuildFile; fileRef = 921CE1E217CC6817006ADBEE /* Images.xcassets */; };
		921CE1EA17CC6817006ADBEE /* XCTest.framework in Frameworks */ = {isa = PBXBuildFile; fileRef = 921CE1E917CC6817006ADBEE /* XCTest.framework */; };
		921CE1EB17CC6817006ADBEE /* Foundation.framework in Frameworks */ = {isa = PBXBuildFile; fileRef = 921CE1CA17CC6817006ADBEE /* Foundation.framework */; };
		921CE1EC17CC6817006ADBEE /* UIKit.framework in Frameworks */ = {isa = PBXBuildFile; fileRef = 921CE1CE17CC6817006ADBEE /* UIKit.framework */; };
		921CE1F417CC6817006ADBEE /* InfoPlist.strings in Resources */ = {isa = PBXBuildFile; fileRef = 921CE1F217CC6817006ADBEE /* InfoPlist.strings */; };
		921CE1F617CC6817006ADBEE /* ex_UIPanGR_drag_centerTests.m in Sources */ = {isa = PBXBuildFile; fileRef = 921CE1F517CC6817006ADBEE /* ex_UIPanGR_drag_centerTests.m */; };
		921CE20017CC68E1006ADBEE /* tombo.png in Resources */ = {isa = PBXBuildFile; fileRef = 921CE1FF17CC68E1006ADBEE /* tombo.png */; };
/* End PBXBuildFile section */

/* Begin PBXContainerItemProxy section */
		921CE1ED17CC6817006ADBEE /* PBXContainerItemProxy */ = {
			isa = PBXContainerItemProxy;
			containerPortal = 921CE1BF17CC6817006ADBEE /* Project object */;
			proxyType = 1;
			remoteGlobalIDString = 921CE1C617CC6817006ADBEE;
			remoteInfo = "ex_UIPanGR-drag_center";
		};
/* End PBXContainerItemProxy section */

/* Begin PBXFileReference section */
		921CE1C717CC6817006ADBEE /* ex_UIPanGR-drag_center.app */ = {isa = PBXFileReference; explicitFileType = wrapper.application; includeInIndex = 0; path = "ex_UIPanGR-drag_center.app"; sourceTree = BUILT_PRODUCTS_DIR; };
		921CE1CA17CC6817006ADBEE /* Foundation.framework */ = {isa = PBXFileReference; lastKnownFileType = wrapper.framework; name = Foundation.framework; path = System/Library/Frameworks/Foundation.framework; sourceTree = SDKROOT; };
		921CE1CC17CC6817006ADBEE /* CoreGraphics.framework */ = {isa = PBXFileReference; lastKnownFileType = wrapper.framework; name = CoreGraphics.framework; path = System/Library/Frameworks/CoreGraphics.framework; sourceTree = SDKROOT; };
		921CE1CE17CC6817006ADBEE /* UIKit.framework */ = {isa = PBXFileReference; lastKnownFileType = wrapper.framework; name = UIKit.framework; path = System/Library/Frameworks/UIKit.framework; sourceTree = SDKROOT; };
		921CE1D217CC6817006ADBEE /* ex_UIPanGR-drag_center-Info.plist */ = {isa = PBXFileReference; lastKnownFileType = text.plist.xml; path = "ex_UIPanGR-drag_center-Info.plist"; sourceTree = "<group>"; };
		921CE1D417CC6817006ADBEE /* en */ = {isa = PBXFileReference; lastKnownFileType = text.plist.strings; name = en; path = en.lproj/InfoPlist.strings; sourceTree = "<group>"; };
		921CE1D617CC6817006ADBEE /* main.m */ = {isa = PBXFileReference; lastKnownFileType = sourcecode.c.objc; path = main.m; sourceTree = "<group>"; };
		921CE1D817CC6817006ADBEE /* ex_UIPanGR-drag_center-Prefix.pch */ = {isa = PBXFileReference; lastKnownFileType = sourcecode.c.h; path = "ex_UIPanGR-drag_center-Prefix.pch"; sourceTree = "<group>"; };
		921CE1D917CC6817006ADBEE /* AppDelegate.h */ = {isa = PBXFileReference; lastKnownFileType = sourcecode.c.h; path = AppDelegate.h; sourceTree = "<group>"; };
		921CE1DA17CC6817006ADBEE /* AppDelegate.m */ = {isa = PBXFileReference; lastKnownFileType = sourcecode.c.objc; path = AppDelegate.m; sourceTree = "<group>"; };
		921CE1DD17CC6817006ADBEE /* Base */ = {isa = PBXFileReference; lastKnownFileType = file.storyboard; name = Base; path = Base.lproj/Main.storyboard; sourceTree = "<group>"; };
		921CE1DF17CC6817006ADBEE /* ViewController.h */ = {isa = PBXFileReference; lastKnownFileType = sourcecode.c.h; path = ViewController.h; sourceTree = "<group>"; };
		921CE1E017CC6817006ADBEE /* ViewController.m */ = {isa = PBXFileReference; lastKnownFileType = sourcecode.c.objc; path = ViewController.m; sourceTree = "<group>"; };
		921CE1E217CC6817006ADBEE /* Images.xcassets */ = {isa = PBXFileReference; lastKnownFileType = folder.assetcatalog; path = Images.xcassets; sourceTree = "<group>"; };
		921CE1E817CC6817006ADBEE /* ex_UIPanGR-drag_centerTests.xctest */ = {isa = PBXFileReference; explicitFileType = wrapper.cfbundle; includeInIndex = 0; path = "ex_UIPanGR-drag_centerTests.xctest"; sourceTree = BUILT_PRODUCTS_DIR; };
		921CE1E917CC6817006ADBEE /* XCTest.framework */ = {isa = PBXFileReference; lastKnownFileType = wrapper.framework; name = XCTest.framework; path = Library/Frameworks/XCTest.framework; sourceTree = DEVELOPER_DIR; };
		921CE1F117CC6817006ADBEE /* ex_UIPanGR-drag_centerTests-Info.plist */ = {isa = PBXFileReference; lastKnownFileType = text.plist.xml; path = "ex_UIPanGR-drag_centerTests-Info.plist"; sourceTree = "<group>"; };
		921CE1F317CC6817006ADBEE /* en */ = {isa = PBXFileReference; lastKnownFileType = text.plist.strings; name = en; path = en.lproj/InfoPlist.strings; sourceTree = "<group>"; };
		921CE1F517CC6817006ADBEE /* ex_UIPanGR_drag_centerTests.m */ = {isa = PBXFileReference; lastKnownFileType = sourcecode.c.objc; path = ex_UIPanGR_drag_centerTests.m; sourceTree = "<group>"; };
		921CE1FF17CC68E1006ADBEE /* tombo.png */ = {isa = PBXFileReference; lastKnownFileType = image.png; path = tombo.png; sourceTree = "<group>"; };
/* End PBXFileReference section */

/* Begin PBXFrameworksBuildPhase section */
		921CE1C417CC6817006ADBEE /* Frameworks */ = {
			isa = PBXFrameworksBuildPhase;
			buildActionMask = 2147483647;
			files = (
				921CE1CD17CC6817006ADBEE /* CoreGraphics.framework in Frameworks */,
				921CE1CF17CC6817006ADBEE /* UIKit.framework in Frameworks */,
				921CE1CB17CC6817006ADBEE /* Foundation.framework in Frameworks */,
			);
			runOnlyForDeploymentPostprocessing = 0;
		};
		921CE1E517CC6817006ADBEE /* Frameworks */ = {
			isa = PBXFrameworksBuildPhase;
			buildActionMask = 2147483647;
			files = (
				921CE1EA17CC6817006ADBEE /* XCTest.framework in Frameworks */,
				921CE1EC17CC6817006ADBEE /* UIKit.framework in Frameworks */,
				921CE1EB17CC6817006ADBEE /* Foundation.framework in Frameworks */,
			);
			runOnlyForDeploymentPostprocessing = 0;
		};
/* End PBXFrameworksBuildPhase section */

/* Begin PBXGroup section */
		921CE1BE17CC6817006ADBEE = {
			isa = PBXGroup;
			children = (
				921CE1D017CC6817006ADBEE /* ex_UIPanGR-drag_center */,
				921CE1EF17CC6817006ADBEE /* ex_UIPanGR-drag_centerTests */,
				921CE1C917CC6817006ADBEE /* Frameworks */,
				921CE1C817CC6817006ADBEE /* Products */,
			);
			sourceTree = "<group>";
		};
		921CE1C817CC6817006ADBEE /* Products */ = {
			isa = PBXGroup;
			children = (
				921CE1C717CC6817006ADBEE /* ex_UIPanGR-drag_center.app */,
				921CE1E817CC6817006ADBEE /* ex_UIPanGR-drag_centerTests.xctest */,
			);
			name = Products;
			sourceTree = "<group>";
		};
		921CE1C917CC6817006ADBEE /* Frameworks */ = {
			isa = PBXGroup;
			children = (
				921CE1CA17CC6817006ADBEE /* Foundation.framework */,
				921CE1CC17CC6817006ADBEE /* CoreGraphics.framework */,
				921CE1CE17CC6817006ADBEE /* UIKit.framework */,
				921CE1E917CC6817006ADBEE /* XCTest.framework */,
			);
			name = Frameworks;
			sourceTree = "<group>";
		};
		921CE1D017CC6817006ADBEE /* ex_UIPanGR-drag_center */ = {
			isa = PBXGroup;
			children = (
				921CE1D917CC6817006ADBEE /* AppDelegate.h */,
				921CE1DA17CC6817006ADBEE /* AppDelegate.m */,
				921CE1DC17CC6817006ADBEE /* Main.storyboard */,
				921CE1DF17CC6817006ADBEE /* ViewController.h */,
				921CE1E017CC6817006ADBEE /* ViewController.m */,
				921CE1FF17CC68E1006ADBEE /* tombo.png */,
				921CE1E217CC6817006ADBEE /* Images.xcassets */,
				921CE1D117CC6817006ADBEE /* Supporting Files */,
			);
			path = "ex_UIPanGR-drag_center";
			sourceTree = "<group>";
		};
		921CE1D117CC6817006ADBEE /* Supporting Files */ = {
			isa = PBXGroup;
			children = (
				921CE1D217CC6817006ADBEE /* ex_UIPanGR-drag_center-Info.plist */,
				921CE1D317CC6817006ADBEE /* InfoPlist.strings */,
				921CE1D617CC6817006ADBEE /* main.m */,
				921CE1D817CC6817006ADBEE /* ex_UIPanGR-drag_center-Prefix.pch */,
			);
			name = "Supporting Files";
			sourceTree = "<group>";
		};
		921CE1EF17CC6817006ADBEE /* ex_UIPanGR-drag_centerTests */ = {
			isa = PBXGroup;
			children = (
				921CE1F517CC6817006ADBEE /* ex_UIPanGR_drag_centerTests.m */,
				921CE1F017CC6817006ADBEE /* Supporting Files */,
			);
			path = "ex_UIPanGR-drag_centerTests";
			sourceTree = "<group>";
		};
		921CE1F017CC6817006ADBEE /* Supporting Files */ = {
			isa = PBXGroup;
			children = (
				921CE1F117CC6817006ADBEE /* ex_UIPanGR-drag_centerTests-Info.plist */,
				921CE1F217CC6817006ADBEE /* InfoPlist.strings */,
			);
			name = "Supporting Files";
			sourceTree = "<group>";
		};
/* End PBXGroup section */

/* Begin PBXNativeTarget section */
		921CE1C617CC6817006ADBEE /* ex_UIPanGR-drag_center */ = {
			isa = PBXNativeTarget;
			buildConfigurationList = 921CE1F917CC6817006ADBEE /* Build configuration list for PBXNativeTarget "ex_UIPanGR-drag_center" */;
			buildPhases = (
				921CE1C317CC6817006ADBEE /* Sources */,
				921CE1C417CC6817006ADBEE /* Frameworks */,
				921CE1C517CC6817006ADBEE /* Resources */,
			);
			buildRules = (
			);
			dependencies = (
			);
			name = "ex_UIPanGR-drag_center";
			productName = "ex_UIPanGR-drag_center";
			productReference = 921CE1C717CC6817006ADBEE /* ex_UIPanGR-drag_center.app */;
			productType = "com.apple.product-type.application";
		};
		921CE1E717CC6817006ADBEE /* ex_UIPanGR-drag_centerTests */ = {
			isa = PBXNativeTarget;
			buildConfigurationList = 921CE1FC17CC6817006ADBEE /* Build configuration list for PBXNativeTarget "ex_UIPanGR-drag_centerTests" */;
			buildPhases = (
				921CE1E417CC6817006ADBEE /* Sources */,
				921CE1E517CC6817006ADBEE /* Frameworks */,
				921CE1E617CC6817006ADBEE /* Resources */,
			);
			buildRules = (
			);
			dependencies = (
				921CE1EE17CC6817006ADBEE /* PBXTargetDependency */,
			);
			name = "ex_UIPanGR-drag_centerTests";
			productName = "ex_UIPanGR-drag_centerTests";
			productReference = 921CE1E817CC6817006ADBEE /* ex_UIPanGR-drag_centerTests.xctest */;
			productType = "com.apple.product-type.bundle.unit-test";
		};
/* End PBXNativeTarget section */

/* Begin PBXProject section */
		921CE1BF17CC6817006ADBEE /* Project object */ = {
			isa = PBXProject;
			attributes = {
				LastUpgradeCheck = 0500;
				ORGANIZATIONNAME = yoshiyuki;
				TargetAttributes = {
					921CE1E717CC6817006ADBEE = {
						TestTargetID = 921CE1C617CC6817006ADBEE;
					};
				};
			};
			buildConfigurationList = 921CE1C217CC6817006ADBEE /* Build configuration list for PBXProject "ex_UIPanGR-drag_center" */;
			compatibilityVersion = "Xcode 3.2";
			developmentRegion = English;
			hasScannedForEncodings = 0;
			knownRegions = (
				en,
				Base,
			);
			mainGroup = 921CE1BE17CC6817006ADBEE;
			productRefGroup = 921CE1C817CC6817006ADBEE /* Products */;
			projectDirPath = "";
			projectRoot = "";
			targets = (
				921CE1C617CC6817006ADBEE /* ex_UIPanGR-drag_center */,
				921CE1E717CC6817006ADBEE /* ex_UIPanGR-drag_centerTests */,
			);
		};
/* End PBXProject section */

/* Begin PBXResourcesBuildPhase section */
		921CE1C517CC6817006ADBEE /* Resources */ = {
			isa = PBXResourcesBuildPhase;
			buildActionMask = 2147483647;
			files = (
				921CE1E317CC6817006ADBEE /* Images.xcassets in Resources */,
				921CE20017CC68E1006ADBEE /* tombo.png in Resources */,
				921CE1D517CC6817006ADBEE /* InfoPlist.strings in Resources */,
				921CE1DE17CC6817006ADBEE /* Main.storyboard in Resources */,
			);
			runOnlyForDeploymentPostprocessing = 0;
		};
		921CE1E617CC6817006ADBEE /* Resources */ = {
			isa = PBXResourcesBuildPhase;
			buildActionMask = 2147483647;
			files = (
				921CE1F417CC6817006ADBEE /* InfoPlist.strings in Resources */,
			);
			runOnlyForDeploymentPostprocessing = 0;
		};
/* End PBXResourcesBuildPhase section */

/* Begin PBXSourcesBuildPhase section */
		921CE1C317CC6817006ADBEE /* Sources */ = {
			isa = PBXSourcesBuildPhase;
			buildActionMask = 2147483647;
			files = (
				921CE1E117CC6817006ADBEE /* ViewController.m in Sources */,
				921CE1DB17CC6817006ADBEE /* AppDelegate.m in Sources */,
				921CE1D717CC6817006ADBEE /* main.m in Sources */,
			);
			runOnlyForDeploymentPostprocessing = 0;
		};
		921CE1E417CC6817006ADBEE /* Sources */ = {
			isa = PBXSourcesBuildPhase;
			buildActionMask = 2147483647;
			files = (
				921CE1F617CC6817006ADBEE /* ex_UIPanGR_drag_centerTests.m in Sources */,
			);
			runOnlyForDeploymentPostprocessing = 0;
		};
/* End PBXSourcesBuildPhase section */

/* Begin PBXTargetDependency section */
		921CE1EE17CC6817006ADBEE /* PBXTargetDependency */ = {
			isa = PBXTargetDependency;
			target = 921CE1C617CC6817006ADBEE /* ex_UIPanGR-drag_center */;
			targetProxy = 921CE1ED17CC6817006ADBEE /* PBXContainerItemProxy */;
		};
/* End PBXTargetDependency section */

/* Begin PBXVariantGroup section */
		921CE1D317CC6817006ADBEE /* InfoPlist.strings */ = {
			isa = PBXVariantGroup;
			children = (
				921CE1D417CC6817006ADBEE /* en */,
			);
			name = InfoPlist.strings;
			sourceTree = "<group>";
		};
		921CE1DC17CC6817006ADBEE /* Main.storyboard */ = {
			isa = PBXVariantGroup;
			children = (
				921CE1DD17CC6817006ADBEE /* Base */,
			);
			name = Main.storyboard;
			sourceTree = "<group>";
		};
		921CE1F217CC6817006ADBEE /* InfoPlist.strings */ = {
			isa = PBXVariantGroup;
			children = (
				921CE1F317CC6817006ADBEE /* en */,
			);
			name = InfoPlist.strings;
			sourceTree = "<group>";
		};
/* End PBXVariantGroup section */

/* Begin XCBuildConfiguration section */
		921CE1F717CC6817006ADBEE /* Debug */ = {
			isa = XCBuildConfiguration;
			buildSettings = {
				ALWAYS_SEARCH_USER_PATHS = NO;
				CLANG_CXX_LANGUAGE_STANDARD = "gnu++0x";
				CLANG_CXX_LIBRARY = "libc++";
				CLANG_ENABLE_MODULES = YES;
				CLANG_ENABLE_OBJC_ARC = YES;
				CLANG_WARN_BOOL_CONVERSION = YES;
				CLANG_WARN_CONSTANT_CONVERSION = YES;
				CLANG_WARN_DIRECT_OBJC_ISA_USAGE = YES_ERROR;
				CLANG_WARN_EMPTY_BODY = YES;
				CLANG_WARN_ENUM_CONVERSION = YES;
				CLANG_WARN_INT_CONVERSION = YES;
				CLANG_WARN_OBJC_ROOT_CLASS = YES_ERROR;
				CLANG_WARN__DUPLICATE_METHOD_MATCH = YES;
				"CODE_SIGN_IDENTITY[sdk=iphoneos*]" = "iPhone Developer";
				COPY_PHASE_STRIP = NO;
				GCC_C_LANGUAGE_STANDARD = gnu99;
				GCC_DYNAMIC_NO_PIC = NO;
				GCC_OPTIMIZATION_LEVEL = 0;
				GCC_PREPROCESSOR_DEFINITIONS = (
					"DEBUG=1",
					"$(inherited)",
				);
				GCC_SYMBOLS_PRIVATE_EXTERN = NO;
				GCC_WARN_ABOUT_RETURN_TYPE = YES_ERROR;
				GCC_WARN_UNDECLARED_SELECTOR = YES;
				GCC_WARN_UNINITIALIZED_AUTOS = YES;
				GCC_WARN_UNUSED_FUNCTION = YES;
				GCC_WARN_UNUSED_VARIABLE = YES;
				IPHONEOS_DEPLOYMENT_TARGET = 7.0;
				ONLY_ACTIVE_ARCH = YES;
				SDKROOT = iphoneos;
			};
			name = Debug;
		};
		921CE1F817CC6817006ADBEE /* Release */ = {
			isa = XCBuildConfiguration;
			buildSettings = {
				ALWAYS_SEARCH_USER_PATHS = NO;
				CLANG_CXX_LANGUAGE_STANDARD = "gnu++0x";
				CLANG_CXX_LIBRARY = "libc++";
				CLANG_ENABLE_MODULES = YES;
				CLANG_ENABLE_OBJC_ARC = YES;
				CLANG_WARN_BOOL_CONVERSION = YES;
				CLANG_WARN_CONSTANT_CONVERSION = YES;
				CLANG_WARN_DIRECT_OBJC_ISA_USAGE = YES_ERROR;
				CLANG_WARN_EMPTY_BODY = YES;
				CLANG_WARN_ENUM_CONVERSION = YES;
				CLANG_WARN_INT_CONVERSION = YES;
				CLANG_WARN_OBJC_ROOT_CLASS = YES_ERROR;
				CLANG_WARN__DUPLICATE_METHOD_MATCH = YES;
				"CODE_SIGN_IDENTITY[sdk=iphoneos*]" = "iPhone Developer";
				COPY_PHASE_STRIP = YES;
				ENABLE_NS_ASSERTIONS = NO;
				GCC_C_LANGUAGE_STANDARD = gnu99;
				GCC_WARN_ABOUT_RETURN_TYPE = YES_ERROR;
				GCC_WARN_UNDECLARED_SELECTOR = YES;
				GCC_WARN_UNINITIALIZED_AUTOS = YES;
				GCC_WARN_UNUSED_FUNCTION = YES;
				GCC_WARN_UNUSED_VARIABLE = YES;
				IPHONEOS_DEPLOYMENT_TARGET = 7.0;
				SDKROOT = iphoneos;
				VALIDATE_PRODUCT = YES;
			};
			name = Release;
		};
		921CE1FA17CC6817006ADBEE /* Debug */ = {
			isa = XCBuildConfiguration;
			buildSettings = {
				ASSETCATALOG_COMPILER_APPICON_NAME = AppIcon;
				ASSETCATALOG_COMPILER_LAUNCHIMAGE_NAME = LaunchImage;
				GCC_PRECOMPILE_PREFIX_HEADER = YES;
				GCC_PREFIX_HEADER = "ex_UIPanGR-drag_center/ex_UIPanGR-drag_center-Prefix.pch";
				INFOPLIST_FILE = "ex_UIPanGR-drag_center/ex_UIPanGR-drag_center-Info.plist";
				PRODUCT_NAME = "$(TARGET_NAME)";
				WRAPPER_EXTENSION = app;
			};
			name = Debug;
		};
		921CE1FB17CC6817006ADBEE /* Release */ = {
			isa = XCBuildConfiguration;
			buildSettings = {
				ASSETCATALOG_COMPILER_APPICON_NAME = AppIcon;
				ASSETCATALOG_COMPILER_LAUNCHIMAGE_NAME = LaunchImage;
				GCC_PRECOMPILE_PREFIX_HEADER = YES;
				GCC_PREFIX_HEADER = "ex_UIPanGR-drag_center/ex_UIPanGR-drag_center-Prefix.pch";
				INFOPLIST_FILE = "ex_UIPanGR-drag_center/ex_UIPanGR-drag_center-Info.plist";
				PRODUCT_NAME = "$(TARGET_NAME)";
				WRAPPER_EXTENSION = app;
			};
			name = Release;
		};
		921CE1FD17CC6817006ADBEE /* Debug */ = {
			isa = XCBuildConfiguration;
			buildSettings = {
				BUNDLE_LOADER = "$(BUILT_PRODUCTS_DIR)/ex_UIPanGR-drag_center.app/ex_UIPanGR-drag_center";
				FRAMEWORK_SEARCH_PATHS = (
					"$(SDKROOT)/Developer/Library/Frameworks",
					"$(inherited)",
					"$(DEVELOPER_FRAMEWORKS_DIR)",
				);
				GCC_PRECOMPILE_PREFIX_HEADER = YES;
				GCC_PREFIX_HEADER = "ex_UIPanGR-drag_center/ex_UIPanGR-drag_center-Prefix.pch";
				GCC_PREPROCESSOR_DEFINITIONS = (
					"DEBUG=1",
					"$(inherited)",
				);
				INFOPLIST_FILE = "ex_UIPanGR-drag_centerTests/ex_UIPanGR-drag_centerTests-Info.plist";
				PRODUCT_NAME = "$(TARGET_NAME)";
				TEST_HOST = "$(BUNDLE_LOADER)";
				WRAPPER_EXTENSION = xctest;
			};
			name = Debug;
		};
		921CE1FE17CC6817006ADBEE /* Release */ = {
			isa = XCBuildConfiguration;
			buildSettings = {
				BUNDLE_LOADER = "$(BUILT_PRODUCTS_DIR)/ex_UIPanGR-drag_center.app/ex_UIPanGR-drag_center";
				FRAMEWORK_SEARCH_PATHS = (
					"$(SDKROOT)/Developer/Library/Frameworks",
					"$(inherited)",
					"$(DEVELOPER_FRAMEWORKS_DIR)",
				);
				GCC_PRECOMPILE_PREFIX_HEADER = YES;
				GCC_PREFIX_HEADER = "ex_UIPanGR-drag_center/ex_UIPanGR-drag_center-Prefix.pch";
				INFOPLIST_FILE = "ex_UIPanGR-drag_centerTests/ex_UIPanGR-drag_centerTests-Info.plist";
				PRODUCT_NAME = "$(TARGET_NAME)";
				TEST_HOST = "$(BUNDLE_LOADER)";
				WRAPPER_EXTENSION = xctest;
			};
			name = Release;
		};
/* End XCBuildConfiguration section */

/* Begin XCConfigurationList section */
		921CE1C217CC6817006ADBEE /* Build configuration list for PBXProject "ex_UIPanGR-drag_center" */ = {
			isa = XCConfigurationList;
			buildConfigurations = (
				921CE1F717CC6817006ADBEE /* Debug */,
				921CE1F817CC6817006ADBEE /* Release */,
			);
			defaultConfigurationIsVisible = 0;
			defaultConfigurationName = Release;
		};
		921CE1F917CC6817006ADBEE /* Build configuration list for PBXNativeTarget "ex_UIPanGR-drag_center" */ = {
			isa = XCConfigurationList;
			buildConfigurations = (
				921CE1FA17CC6817006ADBEE /* Debug */,
				921CE1FB17CC6817006ADBEE /* Release */,
			);
			defaultConfigurationIsVisible = 0;
		};
		921CE1FC17CC6817006ADBEE /* Build configuration list for PBXNativeTarget "ex_UIPanGR-drag_centerTests" */ = {
			isa = XCConfigurationList;
			buildConfigurations = (
				921CE1FD17CC6817006ADBEE /* Debug */,
				921CE1FE17CC6817006ADBEE /* Release */,
			);
			defaultConfigurationIsVisible = 0;
		};
/* End XCConfigurationList section */
	};
	rootObject = 921CE1BF17CC6817006ADBEE /* Project object */;
}
