// !$*UTF8*$!
{
	archiveVersion = 1;
	classes = {
	};
	objectVersion = 46;
	objects = {

/* Begin PBXBuildFile section */
		5B5C00BC18EE91E100F3CB7F /* Foundation.framework in Frameworks */ = {isa = PBXBuildFile; fileRef = 5B5C00BB18EE91E100F3CB7F /* Foundation.framework */; };
		5B5C00BE18EE91E100F3CB7F /* CoreGraphics.framework in Frameworks */ = {isa = PBXBuildFile; fileRef = 5B5C00BD18EE91E100F3CB7F /* CoreGraphics.framework */; };
		5B5C00C018EE91E200F3CB7F /* UIKit.framework in Frameworks */ = {isa = PBXBuildFile; fileRef = 5B5C00BF18EE91E200F3CB7F /* UIKit.framework */; };
		5B5C00C618EE91E200F3CB7F /* InfoPlist.strings in Resources */ = {isa = PBXBuildFile; fileRef = 5B5C00C418EE91E200F3CB7F /* InfoPlist.strings */; };
		5B5C00C818EE91E200F3CB7F /* main.m in Sources */ = {isa = PBXBuildFile; fileRef = 5B5C00C718EE91E200F3CB7F /* main.m */; };
		5B5C00CC18EE91E200F3CB7F /* AppDelegate.m in Sources */ = {isa = PBXBuildFile; fileRef = 5B5C00CB18EE91E200F3CB7F /* AppDelegate.m */; };
		5B5C00CF18EE91E200F3CB7F /* Main.storyboard in Resources */ = {isa = PBXBuildFile; fileRef = 5B5C00CD18EE91E200F3CB7F /* Main.storyboard */; };
		5B5C00D218EE91E200F3CB7F /* ViewController.m in Sources */ = {isa = PBXBuildFile; fileRef = 5B5C00D118EE91E200F3CB7F /* ViewController.m */; };
		5B5C00D418EE91E200F3CB7F /* Images.xcassets in Resources */ = {isa = PBXBuildFile; fileRef = 5B5C00D318EE91E200F3CB7F /* Images.xcassets */; };
		5B5C00DB18EE91E200F3CB7F /* XCTest.framework in Frameworks */ = {isa = PBXBuildFile; fileRef = 5B5C00DA18EE91E200F3CB7F /* XCTest.framework */; };
		5B5C00DC18EE91E200F3CB7F /* Foundation.framework in Frameworks */ = {isa = PBXBuildFile; fileRef = 5B5C00BB18EE91E100F3CB7F /* Foundation.framework */; };
		5B5C00DD18EE91E200F3CB7F /* UIKit.framework in Frameworks */ = {isa = PBXBuildFile; fileRef = 5B5C00BF18EE91E200F3CB7F /* UIKit.framework */; };
		5B5C00E518EE91E200F3CB7F /* InfoPlist.strings in Resources */ = {isa = PBXBuildFile; fileRef = 5B5C00E318EE91E200F3CB7F /* InfoPlist.strings */; };
		5B5C00E718EE91E200F3CB7F /* ex_addSubView_ImageTests.m in Sources */ = {isa = PBXBuildFile; fileRef = 5B5C00E618EE91E200F3CB7F /* ex_addSubView_ImageTests.m */; };
/* End PBXBuildFile section */

/* Begin PBXContainerItemProxy section */
		5B5C00DE18EE91E200F3CB7F /* PBXContainerItemProxy */ = {
			isa = PBXContainerItemProxy;
			containerPortal = 5B5C00B018EE91E100F3CB7F /* Project object */;
			proxyType = 1;
			remoteGlobalIDString = 5B5C00B718EE91E100F3CB7F;
			remoteInfo = ex_addSubView_Image;
		};
/* End PBXContainerItemProxy section */

/* Begin PBXFileReference section */
		5B5C00B818EE91E100F3CB7F /* ex_addSubView_Image.app */ = {isa = PBXFileReference; explicitFileType = wrapper.application; includeInIndex = 0; path = ex_addSubView_Image.app; sourceTree = BUILT_PRODUCTS_DIR; };
		5B5C00BB18EE91E100F3CB7F /* Foundation.framework */ = {isa = PBXFileReference; lastKnownFileType = wrapper.framework; name = Foundation.framework; path = System/Library/Frameworks/Foundation.framework; sourceTree = SDKROOT; };
		5B5C00BD18EE91E100F3CB7F /* CoreGraphics.framework */ = {isa = PBXFileReference; lastKnownFileType = wrapper.framework; name = CoreGraphics.framework; path = System/Library/Frameworks/CoreGraphics.framework; sourceTree = SDKROOT; };
		5B5C00BF18EE91E200F3CB7F /* UIKit.framework */ = {isa = PBXFileReference; lastKnownFileType = wrapper.framework; name = UIKit.framework; path = System/Library/Frameworks/UIKit.framework; sourceTree = SDKROOT; };
		5B5C00C318EE91E200F3CB7F /* ex_addSubView_Image-Info.plist */ = {isa = PBXFileReference; lastKnownFileType = text.plist.xml; path = "ex_addSubView_Image-Info.plist"; sourceTree = "<group>"; };
		5B5C00C518EE91E200F3CB7F /* en */ = {isa = PBXFileReference; lastKnownFileType = text.plist.strings; name = en; path = en.lproj/InfoPlist.strings; sourceTree = "<group>"; };
		5B5C00C718EE91E200F3CB7F /* main.m */ = {isa = PBXFileReference; lastKnownFileType = sourcecode.c.objc; path = main.m; sourceTree = "<group>"; };
		5B5C00C918EE91E200F3CB7F /* ex_addSubView_Image-Prefix.pch */ = {isa = PBXFileReference; lastKnownFileType = sourcecode.c.h; path = "ex_addSubView_Image-Prefix.pch"; sourceTree = "<group>"; };
		5B5C00CA18EE91E200F3CB7F /* AppDelegate.h */ = {isa = PBXFileReference; lastKnownFileType = sourcecode.c.h; path = AppDelegate.h; sourceTree = "<group>"; };
		5B5C00CB18EE91E200F3CB7F /* AppDelegate.m */ = {isa = PBXFileReference; lastKnownFileType = sourcecode.c.objc; path = AppDelegate.m; sourceTree = "<group>"; };
		5B5C00CE18EE91E200F3CB7F /* Base */ = {isa = PBXFileReference; lastKnownFileType = file.storyboard; name = Base; path = Base.lproj/Main.storyboard; sourceTree = "<group>"; };
		5B5C00D018EE91E200F3CB7F /* ViewController.h */ = {isa = PBXFileReference; lastKnownFileType = sourcecode.c.h; path = ViewController.h; sourceTree = "<group>"; };
		5B5C00D118EE91E200F3CB7F /* ViewController.m */ = {isa = PBXFileReference; lastKnownFileType = sourcecode.c.objc; path = ViewController.m; sourceTree = "<group>"; };
		5B5C00D318EE91E200F3CB7F /* Images.xcassets */ = {isa = PBXFileReference; lastKnownFileType = folder.assetcatalog; path = Images.xcassets; sourceTree = "<group>"; };
		5B5C00D918EE91E200F3CB7F /* ex_addSubView_ImageTests.xctest */ = {isa = PBXFileReference; explicitFileType = wrapper.cfbundle; includeInIndex = 0; path = ex_addSubView_ImageTests.xctest; sourceTree = BUILT_PRODUCTS_DIR; };
		5B5C00DA18EE91E200F3CB7F /* XCTest.framework */ = {isa = PBXFileReference; lastKnownFileType = wrapper.framework; name = XCTest.framework; path = Library/Frameworks/XCTest.framework; sourceTree = DEVELOPER_DIR; };
		5B5C00E218EE91E200F3CB7F /* ex_addSubView_ImageTests-Info.plist */ = {isa = PBXFileReference; lastKnownFileType = text.plist.xml; path = "ex_addSubView_ImageTests-Info.plist"; sourceTree = "<group>"; };
		5B5C00E418EE91E200F3CB7F /* en */ = {isa = PBXFileReference; lastKnownFileType = text.plist.strings; name = en; path = en.lproj/InfoPlist.strings; sourceTree = "<group>"; };
		5B5C00E618EE91E200F3CB7F /* ex_addSubView_ImageTests.m */ = {isa = PBXFileReference; lastKnownFileType = sourcecode.c.objc; path = ex_addSubView_ImageTests.m; sourceTree = "<group>"; };
/* End PBXFileReference section */

/* Begin PBXFrameworksBuildPhase section */
		5B5C00B518EE91E100F3CB7F /* Frameworks */ = {
			isa = PBXFrameworksBuildPhase;
			buildActionMask = 2147483647;
			files = (
				5B5C00BE18EE91E100F3CB7F /* CoreGraphics.framework in Frameworks */,
				5B5C00C018EE91E200F3CB7F /* UIKit.framework in Frameworks */,
				5B5C00BC18EE91E100F3CB7F /* Foundation.framework in Frameworks */,
			);
			runOnlyForDeploymentPostprocessing = 0;
		};
		5B5C00D618EE91E200F3CB7F /* Frameworks */ = {
			isa = PBXFrameworksBuildPhase;
			buildActionMask = 2147483647;
			files = (
				5B5C00DB18EE91E200F3CB7F /* XCTest.framework in Frameworks */,
				5B5C00DD18EE91E200F3CB7F /* UIKit.framework in Frameworks */,
				5B5C00DC18EE91E200F3CB7F /* Foundation.framework in Frameworks */,
			);
			runOnlyForDeploymentPostprocessing = 0;
		};
/* End PBXFrameworksBuildPhase section */

/* Begin PBXGroup section */
		5B5C00AF18EE91E100F3CB7F = {
			isa = PBXGroup;
			children = (
				5B5C00C118EE91E200F3CB7F /* ex_addSubView_Image */,
				5B5C00E018EE91E200F3CB7F /* ex_addSubView_ImageTests */,
				5B5C00BA18EE91E100F3CB7F /* Frameworks */,
				5B5C00B918EE91E100F3CB7F /* Products */,
			);
			sourceTree = "<group>";
		};
		5B5C00B918EE91E100F3CB7F /* Products */ = {
			isa = PBXGroup;
			children = (
				5B5C00B818EE91E100F3CB7F /* ex_addSubView_Image.app */,
				5B5C00D918EE91E200F3CB7F /* ex_addSubView_ImageTests.xctest */,
			);
			name = Products;
			sourceTree = "<group>";
		};
		5B5C00BA18EE91E100F3CB7F /* Frameworks */ = {
			isa = PBXGroup;
			children = (
				5B5C00BB18EE91E100F3CB7F /* Foundation.framework */,
				5B5C00BD18EE91E100F3CB7F /* CoreGraphics.framework */,
				5B5C00BF18EE91E200F3CB7F /* UIKit.framework */,
				5B5C00DA18EE91E200F3CB7F /* XCTest.framework */,
			);
			name = Frameworks;
			sourceTree = "<group>";
		};
		5B5C00C118EE91E200F3CB7F /* ex_addSubView_Image */ = {
			isa = PBXGroup;
			children = (
				5B5C00CA18EE91E200F3CB7F /* AppDelegate.h */,
				5B5C00CB18EE91E200F3CB7F /* AppDelegate.m */,
				5B5C00CD18EE91E200F3CB7F /* Main.storyboard */,
				5B5C00D018EE91E200F3CB7F /* ViewController.h */,
				5B5C00D118EE91E200F3CB7F /* ViewController.m */,
				5B5C00D318EE91E200F3CB7F /* Images.xcassets */,
				5B5C00C218EE91E200F3CB7F /* Supporting Files */,
			);
			path = ex_addSubView_Image;
			sourceTree = "<group>";
		};
		5B5C00C218EE91E200F3CB7F /* Supporting Files */ = {
			isa = PBXGroup;
			children = (
				5B5C00C318EE91E200F3CB7F /* ex_addSubView_Image-Info.plist */,
				5B5C00C418EE91E200F3CB7F /* InfoPlist.strings */,
				5B5C00C718EE91E200F3CB7F /* main.m */,
				5B5C00C918EE91E200F3CB7F /* ex_addSubView_Image-Prefix.pch */,
			);
			name = "Supporting Files";
			sourceTree = "<group>";
		};
		5B5C00E018EE91E200F3CB7F /* ex_addSubView_ImageTests */ = {
			isa = PBXGroup;
			children = (
				5B5C00E618EE91E200F3CB7F /* ex_addSubView_ImageTests.m */,
				5B5C00E118EE91E200F3CB7F /* Supporting Files */,
			);
			path = ex_addSubView_ImageTests;
			sourceTree = "<group>";
		};
		5B5C00E118EE91E200F3CB7F /* Supporting Files */ = {
			isa = PBXGroup;
			children = (
				5B5C00E218EE91E200F3CB7F /* ex_addSubView_ImageTests-Info.plist */,
				5B5C00E318EE91E200F3CB7F /* InfoPlist.strings */,
			);
			name = "Supporting Files";
			sourceTree = "<group>";
		};
/* End PBXGroup section */

/* Begin PBXNativeTarget section */
		5B5C00B718EE91E100F3CB7F /* ex_addSubView_Image */ = {
			isa = PBXNativeTarget;
			buildConfigurationList = 5B5C00EA18EE91E200F3CB7F /* Build configuration list for PBXNativeTarget "ex_addSubView_Image" */;
			buildPhases = (
				5B5C00B418EE91E100F3CB7F /* Sources */,
				5B5C00B518EE91E100F3CB7F /* Frameworks */,
				5B5C00B618EE91E100F3CB7F /* Resources */,
			);
			buildRules = (
			);
			dependencies = (
			);
			name = ex_addSubView_Image;
			productName = ex_addSubView_Image;
			productReference = 5B5C00B818EE91E100F3CB7F /* ex_addSubView_Image.app */;
			productType = "com.apple.product-type.application";
		};
		5B5C00D818EE91E200F3CB7F /* ex_addSubView_ImageTests */ = {
			isa = PBXNativeTarget;
			buildConfigurationList = 5B5C00ED18EE91E200F3CB7F /* Build configuration list for PBXNativeTarget "ex_addSubView_ImageTests" */;
			buildPhases = (
				5B5C00D518EE91E200F3CB7F /* Sources */,
				5B5C00D618EE91E200F3CB7F /* Frameworks */,
				5B5C00D718EE91E200F3CB7F /* Resources */,
			);
			buildRules = (
			);
			dependencies = (
				5B5C00DF18EE91E200F3CB7F /* PBXTargetDependency */,
			);
			name = ex_addSubView_ImageTests;
			productName = ex_addSubView_ImageTests;
			productReference = 5B5C00D918EE91E200F3CB7F /* ex_addSubView_ImageTests.xctest */;
			productType = "com.apple.product-type.bundle.unit-test";
		};
/* End PBXNativeTarget section */

/* Begin PBXProject section */
		5B5C00B018EE91E100F3CB7F /* Project object */ = {
			isa = PBXProject;
			attributes = {
				LastUpgradeCheck = 0510;
				ORGANIZATIONNAME = taketomato;
				TargetAttributes = {
					5B5C00D818EE91E200F3CB7F = {
						TestTargetID = 5B5C00B718EE91E100F3CB7F;
					};
				};
			};
			buildConfigurationList = 5B5C00B318EE91E100F3CB7F /* Build configuration list for PBXProject "ex_addSubView_Image" */;
			compatibilityVersion = "Xcode 3.2";
			developmentRegion = English;
			hasScannedForEncodings = 0;
			knownRegions = (
				en,
				Base,
			);
			mainGroup = 5B5C00AF18EE91E100F3CB7F;
			productRefGroup = 5B5C00B918EE91E100F3CB7F /* Products */;
			projectDirPath = "";
			projectRoot = "";
			targets = (
				5B5C00B718EE91E100F3CB7F /* ex_addSubView_Image */,
				5B5C00D818EE91E200F3CB7F /* ex_addSubView_ImageTests */,
			);
		};
/* End PBXProject section */

/* Begin PBXResourcesBuildPhase section */
		5B5C00B618EE91E100F3CB7F /* Resources */ = {
			isa = PBXResourcesBuildPhase;
			buildActionMask = 2147483647;
			files = (
				5B5C00D418EE91E200F3CB7F /* Images.xcassets in Resources */,
				5B5C00C618EE91E200F3CB7F /* InfoPlist.strings in Resources */,
				5B5C00CF18EE91E200F3CB7F /* Main.storyboard in Resources */,
			);
			runOnlyForDeploymentPostprocessing = 0;
		};
		5B5C00D718EE91E200F3CB7F /* Resources */ = {
			isa = PBXResourcesBuildPhase;
			buildActionMask = 2147483647;
			files = (
				5B5C00E518EE91E200F3CB7F /* InfoPlist.strings in Resources */,
			);
			runOnlyForDeploymentPostprocessing = 0;
		};
/* End PBXResourcesBuildPhase section */

/* Begin PBXSourcesBuildPhase section */
		5B5C00B418EE91E100F3CB7F /* Sources */ = {
			isa = PBXSourcesBuildPhase;
			buildActionMask = 2147483647;
			files = (
				5B5C00D218EE91E200F3CB7F /* ViewController.m in Sources */,
				5B5C00CC18EE91E200F3CB7F /* AppDelegate.m in Sources */,
				5B5C00C818EE91E200F3CB7F /* main.m in Sources */,
			);
			runOnlyForDeploymentPostprocessing = 0;
		};
		5B5C00D518EE91E200F3CB7F /* Sources */ = {
			isa = PBXSourcesBuildPhase;
			buildActionMask = 2147483647;
			files = (
				5B5C00E718EE91E200F3CB7F /* ex_addSubView_ImageTests.m in Sources */,
			);
			runOnlyForDeploymentPostprocessing = 0;
		};
/* End PBXSourcesBuildPhase section */

/* Begin PBXTargetDependency section */
		5B5C00DF18EE91E200F3CB7F /* PBXTargetDependency */ = {
			isa = PBXTargetDependency;
			target = 5B5C00B718EE91E100F3CB7F /* ex_addSubView_Image */;
			targetProxy = 5B5C00DE18EE91E200F3CB7F /* PBXContainerItemProxy */;
		};
/* End PBXTargetDependency section */

/* Begin PBXVariantGroup section */
		5B5C00C418EE91E200F3CB7F /* InfoPlist.strings */ = {
			isa = PBXVariantGroup;
			children = (
				5B5C00C518EE91E200F3CB7F /* en */,
			);
			name = InfoPlist.strings;
			sourceTree = "<group>";
		};
		5B5C00CD18EE91E200F3CB7F /* Main.storyboard */ = {
			isa = PBXVariantGroup;
			children = (
				5B5C00CE18EE91E200F3CB7F /* Base */,
			);
			name = Main.storyboard;
			sourceTree = "<group>";
		};
		5B5C00E318EE91E200F3CB7F /* InfoPlist.strings */ = {
			isa = PBXVariantGroup;
			children = (
				5B5C00E418EE91E200F3CB7F /* en */,
			);
			name = InfoPlist.strings;
			sourceTree = "<group>";
		};
/* End PBXVariantGroup section */

/* Begin XCBuildConfiguration section */
		5B5C00E818EE91E200F3CB7F /* Debug */ = {
			isa = XCBuildConfiguration;
			buildSettings = {
				ALWAYS_SEARCH_USER_PATHS = NO;
				CLANG_CXX_LANGUAGE_STANDARD = "gnu++0x";
				CLANG_CXX_LIBRARY = "libc++";
				CLANG_ENABLE_MODULES = YES;
				CLANG_ENABLE_OBJC_ARC = YES;
				CLANG_WARN_BOOL_CONVERSION = YES;
				CLANG_WARN_CONSTANT_CONVERSION = YES;
				CLANG_WARN_DIRECT_OBJC_ISA_USAGE = YES_ERROR;
				CLANG_WARN_EMPTY_BODY = YES;
				CLANG_WARN_ENUM_CONVERSION = YES;
				CLANG_WARN_INT_CONVERSION = YES;
				CLANG_WARN_OBJC_ROOT_CLASS = YES_ERROR;
				CLANG_WARN__DUPLICATE_METHOD_MATCH = YES;
				"CODE_SIGN_IDENTITY[sdk=iphoneos*]" = "iPhone Developer";
				COPY_PHASE_STRIP = NO;
				GCC_C_LANGUAGE_STANDARD = gnu99;
				GCC_DYNAMIC_NO_PIC = NO;
				GCC_OPTIMIZATION_LEVEL = 0;
				GCC_PREPROCESSOR_DEFINITIONS = (
					"DEBUG=1",
					"$(inherited)",
				);
				GCC_SYMBOLS_PRIVATE_EXTERN = NO;
				GCC_WARN_64_TO_32_BIT_CONVERSION = YES;
				GCC_WARN_ABOUT_RETURN_TYPE = YES_ERROR;
				GCC_WARN_UNDECLARED_SELECTOR = YES;
				GCC_WARN_UNINITIALIZED_AUTOS = YES_AGGRESSIVE;
				GCC_WARN_UNUSED_FUNCTION = YES;
				GCC_WARN_UNUSED_VARIABLE = YES;
				IPHONEOS_DEPLOYMENT_TARGET = 7.1;
				ONLY_ACTIVE_ARCH = YES;
				SDKROOT = iphoneos;
			};
			name = Debug;
		};
		5B5C00E918EE91E200F3CB7F /* Release */ = {
			isa = XCBuildConfiguration;
			buildSettings = {
				ALWAYS_SEARCH_USER_PATHS = NO;
				CLANG_CXX_LANGUAGE_STANDARD = "gnu++0x";
				CLANG_CXX_LIBRARY = "libc++";
				CLANG_ENABLE_MODULES = YES;
				CLANG_ENABLE_OBJC_ARC = YES;
				CLANG_WARN_BOOL_CONVERSION = YES;
				CLANG_WARN_CONSTANT_CONVERSION = YES;
				CLANG_WARN_DIRECT_OBJC_ISA_USAGE = YES_ERROR;
				CLANG_WARN_EMPTY_BODY = YES;
				CLANG_WARN_ENUM_CONVERSION = YES;
				CLANG_WARN_INT_CONVERSION = YES;
				CLANG_WARN_OBJC_ROOT_CLASS = YES_ERROR;
				CLANG_WARN__DUPLICATE_METHOD_MATCH = YES;
				"CODE_SIGN_IDENTITY[sdk=iphoneos*]" = "iPhone Developer";
				COPY_PHASE_STRIP = YES;
				ENABLE_NS_ASSERTIONS = NO;
				GCC_C_LANGUAGE_STANDARD = gnu99;
				GCC_WARN_64_TO_32_BIT_CONVERSION = YES;
				GCC_WARN_ABOUT_RETURN_TYPE = YES_ERROR;
				GCC_WARN_UNDECLARED_SELECTOR = YES;
				GCC_WARN_UNINITIALIZED_AUTOS = YES_AGGRESSIVE;
				GCC_WARN_UNUSED_FUNCTION = YES;
				GCC_WARN_UNUSED_VARIABLE = YES;
				IPHONEOS_DEPLOYMENT_TARGET = 7.1;
				SDKROOT = iphoneos;
				VALIDATE_PRODUCT = YES;
			};
			name = Release;
		};
		5B5C00EB18EE91E200F3CB7F /* Debug */ = {
			isa = XCBuildConfiguration;
			buildSettings = {
				ASSETCATALOG_COMPILER_APPICON_NAME = AppIcon;
				ASSETCATALOG_COMPILER_LAUNCHIMAGE_NAME = LaunchImage;
				GCC_PRECOMPILE_PREFIX_HEADER = YES;
				GCC_PREFIX_HEADER = "ex_addSubView_Image/ex_addSubView_Image-Prefix.pch";
				INFOPLIST_FILE = "ex_addSubView_Image/ex_addSubView_Image-Info.plist";
				PRODUCT_NAME = "$(TARGET_NAME)";
				WRAPPER_EXTENSION = app;
			};
			name = Debug;
		};
		5B5C00EC18EE91E200F3CB7F /* Release */ = {
			isa = XCBuildConfiguration;
			buildSettings = {
				ASSETCATALOG_COMPILER_APPICON_NAME = AppIcon;
				ASSETCATALOG_COMPILER_LAUNCHIMAGE_NAME = LaunchImage;
				GCC_PRECOMPILE_PREFIX_HEADER = YES;
				GCC_PREFIX_HEADER = "ex_addSubView_Image/ex_addSubView_Image-Prefix.pch";
				INFOPLIST_FILE = "ex_addSubView_Image/ex_addSubView_Image-Info.plist";
				PRODUCT_NAME = "$(TARGET_NAME)";
				WRAPPER_EXTENSION = app;
			};
			name = Release;
		};
		5B5C00EE18EE91E200F3CB7F /* Debug */ = {
			isa = XCBuildConfiguration;
			buildSettings = {
				BUNDLE_LOADER = "$(BUILT_PRODUCTS_DIR)/ex_addSubView_Image.app/ex_addSubView_Image";
				FRAMEWORK_SEARCH_PATHS = (
					"$(SDKROOT)/Developer/Library/Frameworks",
					"$(inherited)",
					"$(DEVELOPER_FRAMEWORKS_DIR)",
				);
				GCC_PRECOMPILE_PREFIX_HEADER = YES;
				GCC_PREFIX_HEADER = "ex_addSubView_Image/ex_addSubView_Image-Prefix.pch";
				GCC_PREPROCESSOR_DEFINITIONS = (
					"DEBUG=1",
					"$(inherited)",
				);
				INFOPLIST_FILE = "ex_addSubView_ImageTests/ex_addSubView_ImageTests-Info.plist";
				PRODUCT_NAME = "$(TARGET_NAME)";
				TEST_HOST = "$(BUNDLE_LOADER)";
				WRAPPER_EXTENSION = xctest;
			};
			name = Debug;
		};
		5B5C00EF18EE91E200F3CB7F /* Release */ = {
			isa = XCBuildConfiguration;
			buildSettings = {
				BUNDLE_LOADER = "$(BUILT_PRODUCTS_DIR)/ex_addSubView_Image.app/ex_addSubView_Image";
				FRAMEWORK_SEARCH_PATHS = (
					"$(SDKROOT)/Developer/Library/Frameworks",
					"$(inherited)",
					"$(DEVELOPER_FRAMEWORKS_DIR)",
				);
				GCC_PRECOMPILE_PREFIX_HEADER = YES;
				GCC_PREFIX_HEADER = "ex_addSubView_Image/ex_addSubView_Image-Prefix.pch";
				INFOPLIST_FILE = "ex_addSubView_ImageTests/ex_addSubView_ImageTests-Info.plist";
				PRODUCT_NAME = "$(TARGET_NAME)";
				TEST_HOST = "$(BUNDLE_LOADER)";
				WRAPPER_EXTENSION = xctest;
			};
			name = Release;
		};
/* End XCBuildConfiguration section */

/* Begin XCConfigurationList section */
		5B5C00B318EE91E100F3CB7F /* Build configuration list for PBXProject "ex_addSubView_Image" */ = {
			isa = XCConfigurationList;
			buildConfigurations = (
				5B5C00E818EE91E200F3CB7F /* Debug */,
				5B5C00E918EE91E200F3CB7F /* Release */,
			);
			defaultConfigurationIsVisible = 0;
			defaultConfigurationName = Release;
		};
		5B5C00EA18EE91E200F3CB7F /* Build configuration list for PBXNativeTarget "ex_addSubView_Image" */ = {
			isa = XCConfigurationList;
			buildConfigurations = (
				5B5C00EB18EE91E200F3CB7F /* Debug */,
				5B5C00EC18EE91E200F3CB7F /* Release */,
			);
			defaultConfigurationIsVisible = 0;
		};
		5B5C00ED18EE91E200F3CB7F /* Build configuration list for PBXNativeTarget "ex_addSubView_ImageTests" */ = {
			isa = XCConfigurationList;
			buildConfigurations = (
				5B5C00EE18EE91E200F3CB7F /* Debug */,
				5B5C00EF18EE91E200F3CB7F /* Release */,
			);
			defaultConfigurationIsVisible = 0;
		};
/* End XCConfigurationList section */
	};
	rootObject = 5B5C00B018EE91E100F3CB7F /* Project object */;
}
